// !$*UTF8*$!
{
	archiveVersion = 1;
	classes = {
	};
	objectVersion = 48;
	objects = {

/* Begin PBXBuildFile section */
		37CF4B43B70845F6FFD7E7DB /* Pods_Insight.framework in Frameworks */ = {isa = PBXBuildFile; fileRef = A6BB51FC6CCE498E490B9F12 /* Pods_Insight.framework */; };
		BD0D6083204300780007C867 /* AddVoiceNoteViewController.swift in Sources */ = {isa = PBXBuildFile; fileRef = BD0D6082204300780007C867 /* AddVoiceNoteViewController.swift */; };
		BD0E781A203AE289001003B5 /* Account.storyboard in Resources */ = {isa = PBXBuildFile; fileRef = BD0E7819203AE289001003B5 /* Account.storyboard */; };
		BD0E781C203AE344001003B5 /* UserAccountViewController.swift in Sources */ = {isa = PBXBuildFile; fileRef = BD0E781B203AE344001003B5 /* UserAccountViewController.swift */; };
		BD0E781E203B95F6001003B5 /* ChangePasswordViewController.swift in Sources */ = {isa = PBXBuildFile; fileRef = BD0E781D203B95F6001003B5 /* ChangePasswordViewController.swift */; };
		BD1478B8202330E00090A481 /* QuestionData.swift in Sources */ = {isa = PBXBuildFile; fileRef = BD1478B3202330DF0090A481 /* QuestionData.swift */; };
		BD1478B9202330E00090A481 /* Question.swift in Sources */ = {isa = PBXBuildFile; fileRef = BD1478B4202330E00090A481 /* Question.swift */; };
		BD1478BA202330E00090A481 /* SubCategory.swift in Sources */ = {isa = PBXBuildFile; fileRef = BD1478B5202330E00090A481 /* SubCategory.swift */; };
		BD1478BB202330E00090A481 /* SubSubCategory.swift in Sources */ = {isa = PBXBuildFile; fileRef = BD1478B6202330E00090A481 /* SubSubCategory.swift */; };
		BD1478BC202330E00090A481 /* InsightContentRootClass.swift in Sources */ = {isa = PBXBuildFile; fileRef = BD1478B7202330E00090A481 /* InsightContentRootClass.swift */; };
		BD1B1EA92020F17E0000D813 /* SignUpViewController.swift in Sources */ = {isa = PBXBuildFile; fileRef = BD1B1EA82020F17E0000D813 /* SignUpViewController.swift */; };
		BD1B1EAB2020F5EF0000D813 /* ServerManager.swift in Sources */ = {isa = PBXBuildFile; fileRef = BD1B1EAA2020F5EF0000D813 /* ServerManager.swift */; };
		BD1B1EAD2020F6090000D813 /* AppConstants.swift in Sources */ = {isa = PBXBuildFile; fileRef = BD1B1EAC2020F6090000D813 /* AppConstants.swift */; };
		BD1B1EAF2020F6120000D813 /* ActivityLoaderHelper.swift in Sources */ = {isa = PBXBuildFile; fileRef = BD1B1EAE2020F6120000D813 /* ActivityLoaderHelper.swift */; };
		BD1B1EB12020F61C0000D813 /* Extensions.swift in Sources */ = {isa = PBXBuildFile; fileRef = BD1B1EB02020F61C0000D813 /* Extensions.swift */; };
		BD1B1EB52020F6F80000D813 /* GeneralMethods.swift in Sources */ = {isa = PBXBuildFile; fileRef = BD1B1EB42020F6F80000D813 /* GeneralMethods.swift */; };
		BD1B1EBA2020F7CE0000D813 /* AuthRootClass.swift in Sources */ = {isa = PBXBuildFile; fileRef = BD1B1EB82020F7CE0000D813 /* AuthRootClass.swift */; };
		BD1B1EBB2020F7CE0000D813 /* User.swift in Sources */ = {isa = PBXBuildFile; fileRef = BD1B1EB92020F7CE0000D813 /* User.swift */; };
		BD1B1EBD2020FC280000D813 /* UserModel.swift in Sources */ = {isa = PBXBuildFile; fileRef = BD1B1EB62020F7180000D813 /* UserModel.swift */; };
		BD1B1EBF202113A60000D813 /* ForgetPasswordViewController.swift in Sources */ = {isa = PBXBuildFile; fileRef = BD1B1EBE202113A60000D813 /* ForgetPasswordViewController.swift */; };
		BD1B1EC220212F560000D813 /* Home.storyboard in Resources */ = {isa = PBXBuildFile; fileRef = BD1B1EC120212F560000D813 /* Home.storyboard */; };
		BD1B1ECF202134930000D813 /* SideMenuViewController.swift in Sources */ = {isa = PBXBuildFile; fileRef = BD1B1EC7202131750000D813 /* SideMenuViewController.swift */; };
		BD1B1ED02021349D0000D813 /* InteractionControlller.swift in Sources */ = {isa = PBXBuildFile; fileRef = BD1B1EC9202131750000D813 /* InteractionControlller.swift */; };
		BD1B1ED12021349D0000D813 /* SideMenuAnimationController.swift in Sources */ = {isa = PBXBuildFile; fileRef = BD1B1EC5202131750000D813 /* SideMenuAnimationController.swift */; };
		BD1B1ED22021349D0000D813 /* SideMenuDismissalInteractionController.swift in Sources */ = {isa = PBXBuildFile; fileRef = BD1B1ECA202131750000D813 /* SideMenuDismissalInteractionController.swift */; };
		BD1B1ED32021349D0000D813 /* SideMenuManager.swift in Sources */ = {isa = PBXBuildFile; fileRef = BD1B1ECC202131760000D813 /* SideMenuManager.swift */; };
		BD1B1ED42021349D0000D813 /* SideMenuPresentationInteractionController.swift in Sources */ = {isa = PBXBuildFile; fileRef = BD1B1ECB202131760000D813 /* SideMenuPresentationInteractionController.swift */; };
		BD1B1ED52021349D0000D813 /* SideMenuTableViewCell.swift in Sources */ = {isa = PBXBuildFile; fileRef = BD1B1EC6202131750000D813 /* SideMenuTableViewCell.swift */; };
		BD1B1ED62021349D0000D813 /* Storyboard.swift in Sources */ = {isa = PBXBuildFile; fileRef = BD1B1EC8202131750000D813 /* Storyboard.swift */; };
		BD1B1ED72021349D0000D813 /* StoryboardLoadable.swift in Sources */ = {isa = PBXBuildFile; fileRef = BD1B1ECD202131760000D813 /* StoryboardLoadable.swift */; };
		BD1B1EDA202135720000D813 /* HomeViewController.swift in Sources */ = {isa = PBXBuildFile; fileRef = BD1B1ED9202135720000D813 /* HomeViewController.swift */; };
		BD1B1EDB2021389F0000D813 /* SideMenuViewController.storyboard in Resources */ = {isa = PBXBuildFile; fileRef = BD1B1ECE2021319C0000D813 /* SideMenuViewController.storyboard */; };
		BD1D28CE204C267A0088869A /* Subscribtion.storyboard in Resources */ = {isa = PBXBuildFile; fileRef = BD1D28CD204C267A0088869A /* Subscribtion.storyboard */; };
		BD1D28D0204C26C50088869A /* SubscribeViewController.swift in Sources */ = {isa = PBXBuildFile; fileRef = BD1D28CF204C26C50088869A /* SubscribeViewController.swift */; };
		BD1D28D4204C2E4D0088869A /* PackageRootClass.swift in Sources */ = {isa = PBXBuildFile; fileRef = BD1D28D2204C2E4D0088869A /* PackageRootClass.swift */; };
		BD1D28D5204C2E4D0088869A /* PackageUnlocked.swift in Sources */ = {isa = PBXBuildFile; fileRef = BD1D28D3204C2E4D0088869A /* PackageUnlocked.swift */; };
		BD1D28D7204C2E700088869A /* SubscribtionModel.swift in Sources */ = {isa = PBXBuildFile; fileRef = BD1D28D6204C2E700088869A /* SubscribtionModel.swift */; };
		BD1D28DB204C34930088869A /* PackageViewController.swift in Sources */ = {isa = PBXBuildFile; fileRef = BD1D28DA204C34930088869A /* PackageViewController.swift */; };
		BD1D28DD204C39DB0088869A /* Package.xib in Resources */ = {isa = PBXBuildFile; fileRef = BD1D28DC204C39DB0088869A /* Package.xib */; };
		BD1D28DF204C3AE00088869A /* PackageView.swift in Sources */ = {isa = PBXBuildFile; fileRef = BD1D28DE204C3AE00088869A /* PackageView.swift */; };
		BD1FF8412023CB4E00FC74C2 /* SubClass.swift in Sources */ = {isa = PBXBuildFile; fileRef = BD1FF8402023CB4E00FC74C2 /* SubClass.swift */; };
		BD1FF8442023CFBA00FC74C2 /* AntonymQViewController.swift in Sources */ = {isa = PBXBuildFile; fileRef = BD1FF8432023CFBA00FC74C2 /* AntonymQViewController.swift */; };
		BD1FF8462023EBC900FC74C2 /* QuestionsContainerViewController.swift in Sources */ = {isa = PBXBuildFile; fileRef = BD1FF8452023EBC900FC74C2 /* QuestionsContainerViewController.swift */; };
		BD2141CC2039D1230083B242 /* ParentViewController.swift in Sources */ = {isa = PBXBuildFile; fileRef = BD2141CB2039D1230083B242 /* ParentViewController.swift */; };
		BD2141D12039D4980083B242 /* MBProgressHUD.m in Sources */ = {isa = PBXBuildFile; fileRef = BD2141D02039D4980083B242 /* MBProgressHUD.m */; };
		BD263C2F2045AF3E00EB5B1F /* Mcq.swift in Sources */ = {isa = PBXBuildFile; fileRef = BD263C2D2045AF3D00EB5B1F /* Mcq.swift */; };
		BD263C302045AF3E00EB5B1F /* Freewriting.swift in Sources */ = {isa = PBXBuildFile; fileRef = BD263C2E2045AF3D00EB5B1F /* Freewriting.swift */; };
		BD263C332045AFBB00EB5B1F /* ComprehensionViewController.swift in Sources */ = {isa = PBXBuildFile; fileRef = BD263C322045AFBB00EB5B1F /* ComprehensionViewController.swift */; };
		BD263C352045B2D900EB5B1F /* FreeWritingTableViewCell.swift in Sources */ = {isa = PBXBuildFile; fileRef = BD263C342045B2D900EB5B1F /* FreeWritingTableViewCell.swift */; };
		BD27EEDE201FF02D007872E0 /* SignInViewController.swift in Sources */ = {isa = PBXBuildFile; fileRef = BD27EEDD201FF02D007872E0 /* SignInViewController.swift */; };
		BD27EEE0201FF353007872E0 /* LaunchScreen.storyboard in Resources */ = {isa = PBXBuildFile; fileRef = BD27EEDF201FF353007872E0 /* LaunchScreen.storyboard */; };
		BD2C1879204A0380002C78C8 /* DerivativeData.swift in Sources */ = {isa = PBXBuildFile; fileRef = BD2C1878204A037F002C78C8 /* DerivativeData.swift */; };
		BD2EF68A203DB2A70003B96B /* FlagRealmObjects.swift in Sources */ = {isa = PBXBuildFile; fileRef = BD2EF689203DB2A70003B96B /* FlagRealmObjects.swift */; };
		BD3414D1205477E500AEDD1B /* CodeViewController.swift in Sources */ = {isa = PBXBuildFile; fileRef = BD3414D0205477E500AEDD1B /* CodeViewController.swift */; };
		BD3414D320547F9000AEDD1B /* UpdatePassViewController.swift in Sources */ = {isa = PBXBuildFile; fileRef = BD3414D220547F9000AEDD1B /* UpdatePassViewController.swift */; };
		BD39AD412027447F00DC03B3 /* QuestionCompleteViewController.swift in Sources */ = {isa = PBXBuildFile; fileRef = BD39AD402027447F00DC03B3 /* QuestionCompleteViewController.swift */; };
		BD39AD432027449A00DC03B3 /* QuestionCompleteTableViewCell.swift in Sources */ = {isa = PBXBuildFile; fileRef = BD39AD422027449A00DC03B3 /* QuestionCompleteTableViewCell.swift */; };
		BD39AD4520275A7000DC03B3 /* QuestionAntonymTableViewCell.swift in Sources */ = {isa = PBXBuildFile; fileRef = BD39AD4420275A7000DC03B3 /* QuestionAntonymTableViewCell.swift */; };
		BD3DA3FD202AF66A00CCB7B0 /* MiniDialogViewController.swift in Sources */ = {isa = PBXBuildFile; fileRef = BD3DA3FC202AF66A00CCB7B0 /* MiniDialogViewController.swift */; };
		BD3DA3FF202AFBEE00CCB7B0 /* MiniDialogTableViewCell.swift in Sources */ = {isa = PBXBuildFile; fileRef = BD3DA3FE202AFBEE00CCB7B0 /* MiniDialogTableViewCell.swift */; };
		BD3DA401202B009500CCB7B0 /* Mistake.swift in Sources */ = {isa = PBXBuildFile; fileRef = BD3DA400202B009500CCB7B0 /* Mistake.swift */; };
		BD3DB17920384894002A632D /* GeneralQuestionAnswersViewController.swift in Sources */ = {isa = PBXBuildFile; fileRef = BD3DB17820384894002A632D /* GeneralQuestionAnswersViewController.swift */; };
		BD40FD90203C53B6001E159C /* Flag.storyboard in Resources */ = {isa = PBXBuildFile; fileRef = BD40FD8F203C53B6001E159C /* Flag.storyboard */; };
		BD40FD92203C5820001E159C /* FlagViewController.swift in Sources */ = {isa = PBXBuildFile; fileRef = BD40FD91203C5820001E159C /* FlagViewController.swift */; };
		BD40FD94203C5D84001E159C /* FlagTableViewCell.swift in Sources */ = {isa = PBXBuildFile; fileRef = BD40FD93203C5D84001E159C /* FlagTableViewCell.swift */; };
		BD40FD96203C6AE0001E159C /* EditFlagTableViewCell.swift in Sources */ = {isa = PBXBuildFile; fileRef = BD40FD95203C6AE0001E159C /* EditFlagTableViewCell.swift */; };
		BD40FD98203C6AF3001E159C /* EditFlagViewController.swift in Sources */ = {isa = PBXBuildFile; fileRef = BD40FD97203C6AF3001E159C /* EditFlagViewController.swift */; };
		BD436721205063CC0038345A /* Note.storyboard in Resources */ = {isa = PBXBuildFile; fileRef = BD436720205063CC0038345A /* Note.storyboard */; };
		BD4367242050644D0038345A /* ApplicationNoteViewController.swift in Sources */ = {isa = PBXBuildFile; fileRef = BD4367232050644D0038345A /* ApplicationNoteViewController.swift */; };
		BD47F1CE202353E900ABEBF5 /* Enumerations.swift in Sources */ = {isa = PBXBuildFile; fileRef = BD47F1CD202353E900ABEBF5 /* Enumerations.swift */; };
		BD47F1D02023762900ABEBF5 /* SubSubCategoryViewController.swift in Sources */ = {isa = PBXBuildFile; fileRef = BD47F1CF2023762900ABEBF5 /* SubSubCategoryViewController.swift */; };
		BD4EB7A120444150001B3DD7 /* ScoreModel.swift in Sources */ = {isa = PBXBuildFile; fileRef = BD4EB7A020444150001B3DD7 /* ScoreModel.swift */; };
		BD4EB7A5204442DA001B3DD7 /* UpdateScoreData.swift in Sources */ = {isa = PBXBuildFile; fileRef = BD4EB7A3204442DA001B3DD7 /* UpdateScoreData.swift */; };
		BD4EB7A6204442DA001B3DD7 /* UpdateScoreRootClass.swift in Sources */ = {isa = PBXBuildFile; fileRef = BD4EB7A4204442DA001B3DD7 /* UpdateScoreRootClass.swift */; };
		BD5378E8202FA5B7005BDE85 /* QuestionGeneralHeader.xib in Resources */ = {isa = PBXBuildFile; fileRef = BD5378E7202FA5B7005BDE85 /* QuestionGeneralHeader.xib */; };
		BD5378EA202FA6C0005BDE85 /* GeneralTableViewHeader.swift in Sources */ = {isa = PBXBuildFile; fileRef = BD5378E9202FA6C0005BDE85 /* GeneralTableViewHeader.swift */; };
		BD542A3D20509B0300FE3674 /* Information.storyboard in Resources */ = {isa = PBXBuildFile; fileRef = BD542A3C20509B0300FE3674 /* Information.storyboard */; };
		BD542A4020509DB700FE3674 /* AboutAppViewController.swift in Sources */ = {isa = PBXBuildFile; fileRef = BD542A3F20509DB700FE3674 /* AboutAppViewController.swift */; };
		BD542A4220509FA500FE3674 /* AboutDevelopersViewController.swift in Sources */ = {isa = PBXBuildFile; fileRef = BD542A4120509FA500FE3674 /* AboutDevelopersViewController.swift */; };
		BD542A462051593900FE3674 /* Assets.xcassets in Resources */ = {isa = PBXBuildFile; fileRef = BD542A452051593800FE3674 /* Assets.xcassets */; };
		BD542A4920515ED500FE3674 /* SubscribedPackage.swift in Sources */ = {isa = PBXBuildFile; fileRef = BD542A4720515ED500FE3674 /* SubscribedPackage.swift */; };
		BD542A4A20515ED500FE3674 /* SubscribedPackageResponse.swift in Sources */ = {isa = PBXBuildFile; fileRef = BD542A4820515ED500FE3674 /* SubscribedPackageResponse.swift */; };
		BD542A4D205165AE00FE3674 /* Promocode.swift in Sources */ = {isa = PBXBuildFile; fileRef = BD542A4B205165AD00FE3674 /* Promocode.swift */; };
		BD542A4E205165AE00FE3674 /* PromoCodeResponse.swift in Sources */ = {isa = PBXBuildFile; fileRef = BD542A4C205165AE00FE3674 /* PromoCodeResponse.swift */; };
		BD628E892028A6160007BEE4 /* QuestionMatchViewController.swift in Sources */ = {isa = PBXBuildFile; fileRef = BD628E882028A6160007BEE4 /* QuestionMatchViewController.swift */; };
		BD628E8B2028A62B0007BEE4 /* QuestionMatchTableViewCell.swift in Sources */ = {isa = PBXBuildFile; fileRef = BD628E8A2028A62B0007BEE4 /* QuestionMatchTableViewCell.swift */; };
		BD7E3991204D6B7C0092A02E /* LogoutViewController.swift in Sources */ = {isa = PBXBuildFile; fileRef = BD7E3990204D6B7C0092A02E /* LogoutViewController.swift */; };
		BD87A37820571E7300F2B6C9 /* SubscribtionRealmObjects.swift in Sources */ = {isa = PBXBuildFile; fileRef = BD87A37720571E7300F2B6C9 /* SubscribtionRealmObjects.swift */; };
		BD96771D202346950078B0A3 /* SubSubCategoryTableViewCell.swift in Sources */ = {isa = PBXBuildFile; fileRef = BD96771C202346950078B0A3 /* SubSubCategoryTableViewCell.swift */; };
		BD96771F2023478B0078B0A3 /* SubCategoryViewController.swift in Sources */ = {isa = PBXBuildFile; fileRef = BD96771E2023478B0078B0A3 /* SubCategoryViewController.swift */; };
		BD96772120234A5C0078B0A3 /* SubCategoryTableViewCell.swift in Sources */ = {isa = PBXBuildFile; fileRef = BD96772020234A5C0078B0A3 /* SubCategoryTableViewCell.swift */; };
		BD9A4B5B202767F200DCCAE6 /* QuestionDictationTableViewCell.swift in Sources */ = {isa = PBXBuildFile; fileRef = BD9A4B5A202767F200DCCAE6 /* QuestionDictationTableViewCell.swift */; };
		BD9A4B5E2027682100DCCAE6 /* QuestionDictationViewController.swift in Sources */ = {isa = PBXBuildFile; fileRef = BD9A4B5D2027682100DCCAE6 /* QuestionDictationViewController.swift */; };
		BD9A4B61202775B800DCCAE6 /* QuestionListeningViewController.swift in Sources */ = {isa = PBXBuildFile; fileRef = BD9A4B60202775B800DCCAE6 /* QuestionListeningViewController.swift */; };
		BD9A4B63202775D200DCCAE6 /* QuestionListeningTableViewCell.swift in Sources */ = {isa = PBXBuildFile; fileRef = BD9A4B62202775D200DCCAE6 /* QuestionListeningTableViewCell.swift */; };
		BDA2B4072040BCA700F36AB2 /* ResultsViewController.swift in Sources */ = {isa = PBXBuildFile; fileRef = BDA2B4062040BCA700F36AB2 /* ResultsViewController.swift */; };
		BDA2B4082040D0C800F36AB2 /* MavenPro-Black.ttf in Resources */ = {isa = PBXBuildFile; fileRef = BD1B1EA62020ED710000D813 /* MavenPro-Black.ttf */; };
		BDA2B4092040D0CB00F36AB2 /* MavenPro-Bold.ttf in Resources */ = {isa = PBXBuildFile; fileRef = BD1B1EA42020ED700000D813 /* MavenPro-Bold.ttf */; };
		BDA2B40A2040D0CD00F36AB2 /* MavenPro-Medium.ttf in Resources */ = {isa = PBXBuildFile; fileRef = BD1B1EA52020ED700000D813 /* MavenPro-Medium.ttf */; };
		BDA2B40B2040D0D000F36AB2 /* MavenPro-Regular.ttf in Resources */ = {isa = PBXBuildFile; fileRef = BD1B1EA72020ED720000D813 /* MavenPro-Regular.ttf */; };
		BDA2B40D20417B8F00F36AB2 /* AddMediaViewController.swift in Sources */ = {isa = PBXBuildFile; fileRef = BDA2B40C20417B8F00F36AB2 /* AddMediaViewController.swift */; };
		BDA2B40F20417E3800F36AB2 /* AddPhotoViewController.swift in Sources */ = {isa = PBXBuildFile; fileRef = BDA2B40E20417E3800F36AB2 /* AddPhotoViewController.swift */; };
		BDA2B41120421F5400F36AB2 /* AddNoteViewController.swift in Sources */ = {isa = PBXBuildFile; fileRef = BDA2B41020421F5400F36AB2 /* AddNoteViewController.swift */; };
		BDA5B8B1203BA5070009DD31 /* GeneralResponse .swift in Sources */ = {isa = PBXBuildFile; fileRef = BDA5B8B0203BA5070009DD31 /* GeneralResponse .swift */; };
		BDAA57F8202CEF9900C32AA9 /* MistakesViewController.swift in Sources */ = {isa = PBXBuildFile; fileRef = BDAA57F7202CEF9900C32AA9 /* MistakesViewController.swift */; };
		BDAA57FA202CEFAF00C32AA9 /* MistakesTableViewCell.swift in Sources */ = {isa = PBXBuildFile; fileRef = BDAA57F9202CEFAF00C32AA9 /* MistakesTableViewCell.swift */; };
		BDAA5807202CFA9600C32AA9 /* GeneralQuestionViewController.swift in Sources */ = {isa = PBXBuildFile; fileRef = BDAA5806202CFA9600C32AA9 /* GeneralQuestionViewController.swift */; };
		BDAA5809202CFAAF00C32AA9 /* GeneralQuestionTableViewCell.swift in Sources */ = {isa = PBXBuildFile; fileRef = BDAA5808202CFAAF00C32AA9 /* GeneralQuestionTableViewCell.swift */; };
		BDAA580C202D117200C32AA9 /* WritingTableViewCell.swift in Sources */ = {isa = PBXBuildFile; fileRef = BDAA580B202D117200C32AA9 /* WritingTableViewCell.swift */; };
		BDAA580E202D118400C32AA9 /* WritingViewController.swift in Sources */ = {isa = PBXBuildFile; fileRef = BDAA580D202D118400C32AA9 /* WritingViewController.swift */; };
		BDAA5810202D12EE00C32AA9 /* SubQuestion.swift in Sources */ = {isa = PBXBuildFile; fileRef = BDAA580F202D12EE00C32AA9 /* SubQuestion.swift */; };
		BDAA5813202D14A500C32AA9 /* QuotationViewController.swift in Sources */ = {isa = PBXBuildFile; fileRef = BDAA5812202D14A500C32AA9 /* QuotationViewController.swift */; };
		BDAA5815202D14BB00C32AA9 /* QuotationTableViewCell.swift in Sources */ = {isa = PBXBuildFile; fileRef = BDAA5814202D14BB00C32AA9 /* QuotationTableViewCell.swift */; };
		BDAA5818202D18C600C32AA9 /* TrueFalseTableViewCell.swift in Sources */ = {isa = PBXBuildFile; fileRef = BDAA5817202D18C600C32AA9 /* TrueFalseTableViewCell.swift */; };
		BDAA581A202D18DC00C32AA9 /* TrueFalseViewController.swift in Sources */ = {isa = PBXBuildFile; fileRef = BDAA5819202D18DC00C32AA9 /* TrueFalseViewController.swift */; };
		BDABD3B020485BF300E2E5A7 /* DerivativesViewController.swift in Sources */ = {isa = PBXBuildFile; fileRef = BDABD3AF20485BF300E2E5A7 /* DerivativesViewController.swift */; };
		BDABFA83204DFE1D00051A2B /* PackagesDuration.swift in Sources */ = {isa = PBXBuildFile; fileRef = BDABFA82204DFE1D00051A2B /* PackagesDuration.swift */; };
		BDABFA85204E06E700051A2B /* DurationCollectionViewCell.swift in Sources */ = {isa = PBXBuildFile; fileRef = BDABFA84204E06E700051A2B /* DurationCollectionViewCell.swift */; };
		BDB6248C2028C2C20007B261 /* Choice.swift in Sources */ = {isa = PBXBuildFile; fileRef = BDB6248B2028C2C20007B261 /* Choice.swift */; };
		BDB6248F2028CA220007B261 /* QuestionMcqViewController.swift in Sources */ = {isa = PBXBuildFile; fileRef = BDB6248E2028CA220007B261 /* QuestionMcqViewController.swift */; };
		BDB624912028CA410007B261 /* QuestionMcqTableViewCell.swift in Sources */ = {isa = PBXBuildFile; fileRef = BDB624902028CA410007B261 /* QuestionMcqTableViewCell.swift */; };
		BDB624932028CB0E0007B261 /* McqChoiceTableViewCell.swift in Sources */ = {isa = PBXBuildFile; fileRef = BDB624922028CB0E0007B261 /* McqChoiceTableViewCell.swift */; };
		BDD184C0201F9ABD006EBAB9 /* AppDelegate.swift in Sources */ = {isa = PBXBuildFile; fileRef = BDD184BF201F9ABD006EBAB9 /* AppDelegate.swift */; };
		BDD184D8201F9BAE006EBAB9 /* Land.storyboard in Resources */ = {isa = PBXBuildFile; fileRef = BDD184D7201F9BAE006EBAB9 /* Land.storyboard */; };
		BDD184DB201F9BE2006EBAB9 /* LandViewController.swift in Sources */ = {isa = PBXBuildFile; fileRef = BDD184DA201F9BE2006EBAB9 /* LandViewController.swift */; };
		BDD184E0201FA0CE006EBAB9 /* Authentication.storyboard in Resources */ = {isa = PBXBuildFile; fileRef = BDD184DF201FA0CE006EBAB9 /* Authentication.storyboard */; };
		BDD184E2201FA0E1006EBAB9 /* AuthenticationViewController.swift in Sources */ = {isa = PBXBuildFile; fileRef = BDD184E1201FA0E1006EBAB9 /* AuthenticationViewController.swift */; };
		BDE45FF22037A69A0078C557 /* MiniDialogAnswersViewController.swift in Sources */ = {isa = PBXBuildFile; fileRef = BDE45FF12037A69A0078C557 /* MiniDialogAnswersViewController.swift */; };
/* End PBXBuildFile section */

/* Begin PBXFileReference section */
		018E49D3A5B90AA814EA38F8 /* Pods-Insight.debug.xcconfig */ = {isa = PBXFileReference; includeInIndex = 1; lastKnownFileType = text.xcconfig; name = "Pods-Insight.debug.xcconfig"; path = "Pods/Target Support Files/Pods-Insight/Pods-Insight.debug.xcconfig"; sourceTree = "<group>"; };
		26A23FCDB9BC4A55412DA1D2 /* Pods-Insight.release.xcconfig */ = {isa = PBXFileReference; includeInIndex = 1; lastKnownFileType = text.xcconfig; name = "Pods-Insight.release.xcconfig"; path = "Pods/Target Support Files/Pods-Insight/Pods-Insight.release.xcconfig"; sourceTree = "<group>"; };
		A6BB51FC6CCE498E490B9F12 /* Pods_Insight.framework */ = {isa = PBXFileReference; explicitFileType = wrapper.framework; includeInIndex = 0; path = Pods_Insight.framework; sourceTree = BUILT_PRODUCTS_DIR; };
		BD0D6082204300780007C867 /* AddVoiceNoteViewController.swift */ = {isa = PBXFileReference; lastKnownFileType = sourcecode.swift; path = AddVoiceNoteViewController.swift; sourceTree = "<group>"; };
		BD0E7819203AE289001003B5 /* Account.storyboard */ = {isa = PBXFileReference; lastKnownFileType = file.storyboard; path = Account.storyboard; sourceTree = "<group>"; };
		BD0E781B203AE344001003B5 /* UserAccountViewController.swift */ = {isa = PBXFileReference; lastKnownFileType = sourcecode.swift; path = UserAccountViewController.swift; sourceTree = "<group>"; };
		BD0E781D203B95F6001003B5 /* ChangePasswordViewController.swift */ = {isa = PBXFileReference; lastKnownFileType = sourcecode.swift; path = ChangePasswordViewController.swift; sourceTree = "<group>"; };
		BD1478B3202330DF0090A481 /* QuestionData.swift */ = {isa = PBXFileReference; fileEncoding = 4; lastKnownFileType = sourcecode.swift; path = QuestionData.swift; sourceTree = "<group>"; };
		BD1478B4202330E00090A481 /* Question.swift */ = {isa = PBXFileReference; fileEncoding = 4; lastKnownFileType = sourcecode.swift; path = Question.swift; sourceTree = "<group>"; };
		BD1478B5202330E00090A481 /* SubCategory.swift */ = {isa = PBXFileReference; fileEncoding = 4; lastKnownFileType = sourcecode.swift; path = SubCategory.swift; sourceTree = "<group>"; };
		BD1478B6202330E00090A481 /* SubSubCategory.swift */ = {isa = PBXFileReference; fileEncoding = 4; lastKnownFileType = sourcecode.swift; path = SubSubCategory.swift; sourceTree = "<group>"; };
		BD1478B7202330E00090A481 /* InsightContentRootClass.swift */ = {isa = PBXFileReference; fileEncoding = 4; lastKnownFileType = sourcecode.swift; path = InsightContentRootClass.swift; sourceTree = "<group>"; };
		BD1B1EA42020ED700000D813 /* MavenPro-Bold.ttf */ = {isa = PBXFileReference; lastKnownFileType = file; path = "MavenPro-Bold.ttf"; sourceTree = "<group>"; };
		BD1B1EA52020ED700000D813 /* MavenPro-Medium.ttf */ = {isa = PBXFileReference; lastKnownFileType = file; path = "MavenPro-Medium.ttf"; sourceTree = "<group>"; };
		BD1B1EA62020ED710000D813 /* MavenPro-Black.ttf */ = {isa = PBXFileReference; lastKnownFileType = file; path = "MavenPro-Black.ttf"; sourceTree = "<group>"; };
		BD1B1EA72020ED720000D813 /* MavenPro-Regular.ttf */ = {isa = PBXFileReference; lastKnownFileType = file; path = "MavenPro-Regular.ttf"; sourceTree = "<group>"; };
		BD1B1EA82020F17E0000D813 /* SignUpViewController.swift */ = {isa = PBXFileReference; lastKnownFileType = sourcecode.swift; path = SignUpViewController.swift; sourceTree = "<group>"; };
		BD1B1EAA2020F5EF0000D813 /* ServerManager.swift */ = {isa = PBXFileReference; lastKnownFileType = sourcecode.swift; path = ServerManager.swift; sourceTree = "<group>"; };
		BD1B1EAC2020F6090000D813 /* AppConstants.swift */ = {isa = PBXFileReference; lastKnownFileType = sourcecode.swift; path = AppConstants.swift; sourceTree = "<group>"; };
		BD1B1EAE2020F6120000D813 /* ActivityLoaderHelper.swift */ = {isa = PBXFileReference; lastKnownFileType = sourcecode.swift; path = ActivityLoaderHelper.swift; sourceTree = "<group>"; };
		BD1B1EB02020F61C0000D813 /* Extensions.swift */ = {isa = PBXFileReference; lastKnownFileType = sourcecode.swift; path = Extensions.swift; sourceTree = "<group>"; };
		BD1B1EB42020F6F80000D813 /* GeneralMethods.swift */ = {isa = PBXFileReference; lastKnownFileType = sourcecode.swift; path = GeneralMethods.swift; sourceTree = "<group>"; };
		BD1B1EB62020F7180000D813 /* UserModel.swift */ = {isa = PBXFileReference; lastKnownFileType = sourcecode.swift; path = UserModel.swift; sourceTree = "<group>"; };
		BD1B1EB82020F7CE0000D813 /* AuthRootClass.swift */ = {isa = PBXFileReference; fileEncoding = 4; lastKnownFileType = sourcecode.swift; path = AuthRootClass.swift; sourceTree = "<group>"; };
		BD1B1EB92020F7CE0000D813 /* User.swift */ = {isa = PBXFileReference; fileEncoding = 4; lastKnownFileType = sourcecode.swift; path = User.swift; sourceTree = "<group>"; };
		BD1B1EBE202113A60000D813 /* ForgetPasswordViewController.swift */ = {isa = PBXFileReference; lastKnownFileType = sourcecode.swift; path = ForgetPasswordViewController.swift; sourceTree = "<group>"; };
		BD1B1EC120212F560000D813 /* Home.storyboard */ = {isa = PBXFileReference; lastKnownFileType = file.storyboard; path = Home.storyboard; sourceTree = "<group>"; };
		BD1B1EC5202131750000D813 /* SideMenuAnimationController.swift */ = {isa = PBXFileReference; lastKnownFileType = sourcecode.swift; path = SideMenuAnimationController.swift; sourceTree = "<group>"; };
		BD1B1EC6202131750000D813 /* SideMenuTableViewCell.swift */ = {isa = PBXFileReference; lastKnownFileType = sourcecode.swift; path = SideMenuTableViewCell.swift; sourceTree = "<group>"; };
		BD1B1EC7202131750000D813 /* SideMenuViewController.swift */ = {isa = PBXFileReference; lastKnownFileType = sourcecode.swift; path = SideMenuViewController.swift; sourceTree = "<group>"; };
		BD1B1EC8202131750000D813 /* Storyboard.swift */ = {isa = PBXFileReference; lastKnownFileType = sourcecode.swift; path = Storyboard.swift; sourceTree = "<group>"; };
		BD1B1EC9202131750000D813 /* InteractionControlller.swift */ = {isa = PBXFileReference; lastKnownFileType = sourcecode.swift; path = InteractionControlller.swift; sourceTree = "<group>"; };
		BD1B1ECA202131750000D813 /* SideMenuDismissalInteractionController.swift */ = {isa = PBXFileReference; lastKnownFileType = sourcecode.swift; path = SideMenuDismissalInteractionController.swift; sourceTree = "<group>"; };
		BD1B1ECB202131760000D813 /* SideMenuPresentationInteractionController.swift */ = {isa = PBXFileReference; lastKnownFileType = sourcecode.swift; path = SideMenuPresentationInteractionController.swift; sourceTree = "<group>"; };
		BD1B1ECC202131760000D813 /* SideMenuManager.swift */ = {isa = PBXFileReference; lastKnownFileType = sourcecode.swift; path = SideMenuManager.swift; sourceTree = "<group>"; };
		BD1B1ECD202131760000D813 /* StoryboardLoadable.swift */ = {isa = PBXFileReference; lastKnownFileType = sourcecode.swift; path = StoryboardLoadable.swift; sourceTree = "<group>"; };
		BD1B1ECE2021319C0000D813 /* SideMenuViewController.storyboard */ = {isa = PBXFileReference; lastKnownFileType = file.storyboard; path = SideMenuViewController.storyboard; sourceTree = "<group>"; };
		BD1B1ED9202135720000D813 /* HomeViewController.swift */ = {isa = PBXFileReference; lastKnownFileType = sourcecode.swift; path = HomeViewController.swift; sourceTree = "<group>"; };
		BD1D28CD204C267A0088869A /* Subscribtion.storyboard */ = {isa = PBXFileReference; lastKnownFileType = file.storyboard; path = Subscribtion.storyboard; sourceTree = "<group>"; };
		BD1D28CF204C26C50088869A /* SubscribeViewController.swift */ = {isa = PBXFileReference; lastKnownFileType = sourcecode.swift; path = SubscribeViewController.swift; sourceTree = "<group>"; };
		BD1D28D2204C2E4D0088869A /* PackageRootClass.swift */ = {isa = PBXFileReference; fileEncoding = 4; lastKnownFileType = sourcecode.swift; path = PackageRootClass.swift; sourceTree = "<group>"; };
		BD1D28D3204C2E4D0088869A /* PackageUnlocked.swift */ = {isa = PBXFileReference; fileEncoding = 4; lastKnownFileType = sourcecode.swift; path = PackageUnlocked.swift; sourceTree = "<group>"; };
		BD1D28D6204C2E700088869A /* SubscribtionModel.swift */ = {isa = PBXFileReference; lastKnownFileType = sourcecode.swift; path = SubscribtionModel.swift; sourceTree = "<group>"; };
		BD1D28DA204C34930088869A /* PackageViewController.swift */ = {isa = PBXFileReference; lastKnownFileType = sourcecode.swift; path = PackageViewController.swift; sourceTree = "<group>"; };
		BD1D28DC204C39DB0088869A /* Package.xib */ = {isa = PBXFileReference; lastKnownFileType = file.xib; path = Package.xib; sourceTree = "<group>"; };
		BD1D28DE204C3AE00088869A /* PackageView.swift */ = {isa = PBXFileReference; lastKnownFileType = sourcecode.swift; path = PackageView.swift; sourceTree = "<group>"; };
		BD1FF8402023CB4E00FC74C2 /* SubClass.swift */ = {isa = PBXFileReference; lastKnownFileType = sourcecode.swift; path = SubClass.swift; sourceTree = "<group>"; };
		BD1FF8432023CFBA00FC74C2 /* AntonymQViewController.swift */ = {isa = PBXFileReference; lastKnownFileType = sourcecode.swift; path = AntonymQViewController.swift; sourceTree = "<group>"; };
		BD1FF8452023EBC900FC74C2 /* QuestionsContainerViewController.swift */ = {isa = PBXFileReference; lastKnownFileType = sourcecode.swift; path = QuestionsContainerViewController.swift; sourceTree = "<group>"; };
		BD2141CB2039D1230083B242 /* ParentViewController.swift */ = {isa = PBXFileReference; lastKnownFileType = sourcecode.swift; path = ParentViewController.swift; sourceTree = "<group>"; };
		BD2141CE2039D4970083B242 /* Insight-Bridging-Header.h */ = {isa = PBXFileReference; lastKnownFileType = sourcecode.c.h; path = "Insight-Bridging-Header.h"; sourceTree = "<group>"; };
		BD2141CF2039D4980083B242 /* MBProgressHUD.h */ = {isa = PBXFileReference; fileEncoding = 4; lastKnownFileType = sourcecode.c.h; path = MBProgressHUD.h; sourceTree = "<group>"; };
		BD2141D02039D4980083B242 /* MBProgressHUD.m */ = {isa = PBXFileReference; fileEncoding = 4; lastKnownFileType = sourcecode.c.objc; path = MBProgressHUD.m; sourceTree = "<group>"; };
		BD263C2D2045AF3D00EB5B1F /* Mcq.swift */ = {isa = PBXFileReference; fileEncoding = 4; lastKnownFileType = sourcecode.swift; path = Mcq.swift; sourceTree = "<group>"; };
		BD263C2E2045AF3D00EB5B1F /* Freewriting.swift */ = {isa = PBXFileReference; fileEncoding = 4; lastKnownFileType = sourcecode.swift; path = Freewriting.swift; sourceTree = "<group>"; };
		BD263C322045AFBB00EB5B1F /* ComprehensionViewController.swift */ = {isa = PBXFileReference; lastKnownFileType = sourcecode.swift; path = ComprehensionViewController.swift; sourceTree = "<group>"; };
		BD263C342045B2D900EB5B1F /* FreeWritingTableViewCell.swift */ = {isa = PBXFileReference; lastKnownFileType = sourcecode.swift; path = FreeWritingTableViewCell.swift; sourceTree = "<group>"; };
		BD27EEDD201FF02D007872E0 /* SignInViewController.swift */ = {isa = PBXFileReference; lastKnownFileType = sourcecode.swift; path = SignInViewController.swift; sourceTree = "<group>"; };
		BD27EEDF201FF353007872E0 /* LaunchScreen.storyboard */ = {isa = PBXFileReference; lastKnownFileType = file.storyboard; path = LaunchScreen.storyboard; sourceTree = "<group>"; };
		BD2C1878204A037F002C78C8 /* DerivativeData.swift */ = {isa = PBXFileReference; fileEncoding = 4; lastKnownFileType = sourcecode.swift; path = DerivativeData.swift; sourceTree = "<group>"; };
		BD2EF689203DB2A70003B96B /* FlagRealmObjects.swift */ = {isa = PBXFileReference; lastKnownFileType = sourcecode.swift; path = FlagRealmObjects.swift; sourceTree = "<group>"; };
		BD3414D0205477E500AEDD1B /* CodeViewController.swift */ = {isa = PBXFileReference; lastKnownFileType = sourcecode.swift; path = CodeViewController.swift; sourceTree = "<group>"; };
		BD3414D220547F9000AEDD1B /* UpdatePassViewController.swift */ = {isa = PBXFileReference; lastKnownFileType = sourcecode.swift; path = UpdatePassViewController.swift; sourceTree = "<group>"; };
		BD39AD402027447F00DC03B3 /* QuestionCompleteViewController.swift */ = {isa = PBXFileReference; lastKnownFileType = sourcecode.swift; path = QuestionCompleteViewController.swift; sourceTree = "<group>"; };
		BD39AD422027449A00DC03B3 /* QuestionCompleteTableViewCell.swift */ = {isa = PBXFileReference; lastKnownFileType = sourcecode.swift; path = QuestionCompleteTableViewCell.swift; sourceTree = "<group>"; };
		BD39AD4420275A7000DC03B3 /* QuestionAntonymTableViewCell.swift */ = {isa = PBXFileReference; lastKnownFileType = sourcecode.swift; path = QuestionAntonymTableViewCell.swift; sourceTree = "<group>"; };
		BD3DA3FC202AF66A00CCB7B0 /* MiniDialogViewController.swift */ = {isa = PBXFileReference; lastKnownFileType = sourcecode.swift; path = MiniDialogViewController.swift; sourceTree = "<group>"; };
		BD3DA3FE202AFBEE00CCB7B0 /* MiniDialogTableViewCell.swift */ = {isa = PBXFileReference; lastKnownFileType = sourcecode.swift; path = MiniDialogTableViewCell.swift; sourceTree = "<group>"; };
		BD3DA400202B009500CCB7B0 /* Mistake.swift */ = {isa = PBXFileReference; fileEncoding = 4; lastKnownFileType = sourcecode.swift; path = Mistake.swift; sourceTree = "<group>"; };
		BD3DB17820384894002A632D /* GeneralQuestionAnswersViewController.swift */ = {isa = PBXFileReference; lastKnownFileType = sourcecode.swift; path = GeneralQuestionAnswersViewController.swift; sourceTree = "<group>"; };
		BD40FD8F203C53B6001E159C /* Flag.storyboard */ = {isa = PBXFileReference; lastKnownFileType = file.storyboard; path = Flag.storyboard; sourceTree = "<group>"; };
		BD40FD91203C5820001E159C /* FlagViewController.swift */ = {isa = PBXFileReference; lastKnownFileType = sourcecode.swift; path = FlagViewController.swift; sourceTree = "<group>"; };
		BD40FD93203C5D84001E159C /* FlagTableViewCell.swift */ = {isa = PBXFileReference; lastKnownFileType = sourcecode.swift; path = FlagTableViewCell.swift; sourceTree = "<group>"; };
		BD40FD95203C6AE0001E159C /* EditFlagTableViewCell.swift */ = {isa = PBXFileReference; lastKnownFileType = sourcecode.swift; path = EditFlagTableViewCell.swift; sourceTree = "<group>"; };
		BD40FD97203C6AF3001E159C /* EditFlagViewController.swift */ = {isa = PBXFileReference; lastKnownFileType = sourcecode.swift; path = EditFlagViewController.swift; sourceTree = "<group>"; };
		BD436720205063CC0038345A /* Note.storyboard */ = {isa = PBXFileReference; lastKnownFileType = file.storyboard; path = Note.storyboard; sourceTree = "<group>"; };
		BD4367232050644D0038345A /* ApplicationNoteViewController.swift */ = {isa = PBXFileReference; lastKnownFileType = sourcecode.swift; path = ApplicationNoteViewController.swift; sourceTree = "<group>"; };
		BD47F1CD202353E900ABEBF5 /* Enumerations.swift */ = {isa = PBXFileReference; lastKnownFileType = sourcecode.swift; path = Enumerations.swift; sourceTree = "<group>"; };
		BD47F1CF2023762900ABEBF5 /* SubSubCategoryViewController.swift */ = {isa = PBXFileReference; lastKnownFileType = sourcecode.swift; path = SubSubCategoryViewController.swift; sourceTree = "<group>"; };
		BD4EB7A020444150001B3DD7 /* ScoreModel.swift */ = {isa = PBXFileReference; lastKnownFileType = sourcecode.swift; path = ScoreModel.swift; sourceTree = "<group>"; };
		BD4EB7A3204442DA001B3DD7 /* UpdateScoreData.swift */ = {isa = PBXFileReference; fileEncoding = 4; lastKnownFileType = sourcecode.swift; path = UpdateScoreData.swift; sourceTree = "<group>"; };
		BD4EB7A4204442DA001B3DD7 /* UpdateScoreRootClass.swift */ = {isa = PBXFileReference; fileEncoding = 4; lastKnownFileType = sourcecode.swift; path = UpdateScoreRootClass.swift; sourceTree = "<group>"; };
		BD5378E7202FA5B7005BDE85 /* QuestionGeneralHeader.xib */ = {isa = PBXFileReference; lastKnownFileType = file.xib; path = QuestionGeneralHeader.xib; sourceTree = "<group>"; };
		BD5378E9202FA6C0005BDE85 /* GeneralTableViewHeader.swift */ = {isa = PBXFileReference; lastKnownFileType = sourcecode.swift; path = GeneralTableViewHeader.swift; sourceTree = "<group>"; };
		BD542A3C20509B0300FE3674 /* Information.storyboard */ = {isa = PBXFileReference; lastKnownFileType = file.storyboard; path = Information.storyboard; sourceTree = "<group>"; };
		BD542A3F20509DB700FE3674 /* AboutAppViewController.swift */ = {isa = PBXFileReference; lastKnownFileType = sourcecode.swift; path = AboutAppViewController.swift; sourceTree = "<group>"; };
		BD542A4120509FA500FE3674 /* AboutDevelopersViewController.swift */ = {isa = PBXFileReference; lastKnownFileType = sourcecode.swift; path = AboutDevelopersViewController.swift; sourceTree = "<group>"; };
		BD542A452051593800FE3674 /* Assets.xcassets */ = {isa = PBXFileReference; lastKnownFileType = folder.assetcatalog; path = Assets.xcassets; sourceTree = "<group>"; };
		BD542A4720515ED500FE3674 /* SubscribedPackage.swift */ = {isa = PBXFileReference; fileEncoding = 4; lastKnownFileType = sourcecode.swift; path = SubscribedPackage.swift; sourceTree = "<group>"; };
		BD542A4820515ED500FE3674 /* SubscribedPackageResponse.swift */ = {isa = PBXFileReference; fileEncoding = 4; lastKnownFileType = sourcecode.swift; path = SubscribedPackageResponse.swift; sourceTree = "<group>"; };
		BD542A4B205165AD00FE3674 /* Promocode.swift */ = {isa = PBXFileReference; fileEncoding = 4; lastKnownFileType = sourcecode.swift; path = Promocode.swift; sourceTree = "<group>"; };
		BD542A4C205165AE00FE3674 /* PromoCodeResponse.swift */ = {isa = PBXFileReference; fileEncoding = 4; lastKnownFileType = sourcecode.swift; path = PromoCodeResponse.swift; sourceTree = "<group>"; };
		BD628E882028A6160007BEE4 /* QuestionMatchViewController.swift */ = {isa = PBXFileReference; lastKnownFileType = sourcecode.swift; path = QuestionMatchViewController.swift; sourceTree = "<group>"; };
		BD628E8A2028A62B0007BEE4 /* QuestionMatchTableViewCell.swift */ = {isa = PBXFileReference; lastKnownFileType = sourcecode.swift; path = QuestionMatchTableViewCell.swift; sourceTree = "<group>"; };
		BD7E3990204D6B7C0092A02E /* LogoutViewController.swift */ = {isa = PBXFileReference; lastKnownFileType = sourcecode.swift; path = LogoutViewController.swift; sourceTree = "<group>"; };
		BD87A37720571E7300F2B6C9 /* SubscribtionRealmObjects.swift */ = {isa = PBXFileReference; lastKnownFileType = sourcecode.swift; path = SubscribtionRealmObjects.swift; sourceTree = "<group>"; };
		BD96771C202346950078B0A3 /* SubSubCategoryTableViewCell.swift */ = {isa = PBXFileReference; lastKnownFileType = sourcecode.swift; path = SubSubCategoryTableViewCell.swift; sourceTree = "<group>"; };
		BD96771E2023478B0078B0A3 /* SubCategoryViewController.swift */ = {isa = PBXFileReference; lastKnownFileType = sourcecode.swift; path = SubCategoryViewController.swift; sourceTree = "<group>"; };
		BD96772020234A5C0078B0A3 /* SubCategoryTableViewCell.swift */ = {isa = PBXFileReference; lastKnownFileType = sourcecode.swift; path = SubCategoryTableViewCell.swift; sourceTree = "<group>"; };
		BD9A4B5A202767F200DCCAE6 /* QuestionDictationTableViewCell.swift */ = {isa = PBXFileReference; lastKnownFileType = sourcecode.swift; path = QuestionDictationTableViewCell.swift; sourceTree = "<group>"; };
		BD9A4B5D2027682100DCCAE6 /* QuestionDictationViewController.swift */ = {isa = PBXFileReference; lastKnownFileType = sourcecode.swift; path = QuestionDictationViewController.swift; sourceTree = "<group>"; };
		BD9A4B60202775B800DCCAE6 /* QuestionListeningViewController.swift */ = {isa = PBXFileReference; lastKnownFileType = sourcecode.swift; path = QuestionListeningViewController.swift; sourceTree = "<group>"; };
		BD9A4B62202775D200DCCAE6 /* QuestionListeningTableViewCell.swift */ = {isa = PBXFileReference; lastKnownFileType = sourcecode.swift; path = QuestionListeningTableViewCell.swift; sourceTree = "<group>"; };
		BDA2B4062040BCA700F36AB2 /* ResultsViewController.swift */ = {isa = PBXFileReference; lastKnownFileType = sourcecode.swift; path = ResultsViewController.swift; sourceTree = "<group>"; };
		BDA2B40C20417B8F00F36AB2 /* AddMediaViewController.swift */ = {isa = PBXFileReference; lastKnownFileType = sourcecode.swift; path = AddMediaViewController.swift; sourceTree = "<group>"; };
		BDA2B40E20417E3800F36AB2 /* AddPhotoViewController.swift */ = {isa = PBXFileReference; lastKnownFileType = sourcecode.swift; path = AddPhotoViewController.swift; sourceTree = "<group>"; };
		BDA2B41020421F5400F36AB2 /* AddNoteViewController.swift */ = {isa = PBXFileReference; lastKnownFileType = sourcecode.swift; path = AddNoteViewController.swift; sourceTree = "<group>"; };
		BDA5B8B0203BA5070009DD31 /* GeneralResponse .swift */ = {isa = PBXFileReference; fileEncoding = 4; lastKnownFileType = sourcecode.swift; path = "GeneralResponse .swift"; sourceTree = "<group>"; };
		BDAA1AFC204ECBEE00D02E01 /* Insight.entitlements */ = {isa = PBXFileReference; lastKnownFileType = text.plist.entitlements; path = Insight.entitlements; sourceTree = "<group>"; };
		BDAA57F7202CEF9900C32AA9 /* MistakesViewController.swift */ = {isa = PBXFileReference; lastKnownFileType = sourcecode.swift; path = MistakesViewController.swift; sourceTree = "<group>"; };
		BDAA57F9202CEFAF00C32AA9 /* MistakesTableViewCell.swift */ = {isa = PBXFileReference; lastKnownFileType = sourcecode.swift; path = MistakesTableViewCell.swift; sourceTree = "<group>"; };
		BDAA5806202CFA9600C32AA9 /* GeneralQuestionViewController.swift */ = {isa = PBXFileReference; lastKnownFileType = sourcecode.swift; path = GeneralQuestionViewController.swift; sourceTree = "<group>"; };
		BDAA5808202CFAAF00C32AA9 /* GeneralQuestionTableViewCell.swift */ = {isa = PBXFileReference; lastKnownFileType = sourcecode.swift; path = GeneralQuestionTableViewCell.swift; sourceTree = "<group>"; };
		BDAA580B202D117200C32AA9 /* WritingTableViewCell.swift */ = {isa = PBXFileReference; lastKnownFileType = sourcecode.swift; path = WritingTableViewCell.swift; sourceTree = "<group>"; };
		BDAA580D202D118400C32AA9 /* WritingViewController.swift */ = {isa = PBXFileReference; lastKnownFileType = sourcecode.swift; path = WritingViewController.swift; sourceTree = "<group>"; };
		BDAA580F202D12EE00C32AA9 /* SubQuestion.swift */ = {isa = PBXFileReference; fileEncoding = 4; lastKnownFileType = sourcecode.swift; path = SubQuestion.swift; sourceTree = "<group>"; };
		BDAA5812202D14A500C32AA9 /* QuotationViewController.swift */ = {isa = PBXFileReference; lastKnownFileType = sourcecode.swift; path = QuotationViewController.swift; sourceTree = "<group>"; };
		BDAA5814202D14BB00C32AA9 /* QuotationTableViewCell.swift */ = {isa = PBXFileReference; lastKnownFileType = sourcecode.swift; path = QuotationTableViewCell.swift; sourceTree = "<group>"; };
		BDAA5817202D18C600C32AA9 /* TrueFalseTableViewCell.swift */ = {isa = PBXFileReference; lastKnownFileType = sourcecode.swift; path = TrueFalseTableViewCell.swift; sourceTree = "<group>"; };
		BDAA5819202D18DC00C32AA9 /* TrueFalseViewController.swift */ = {isa = PBXFileReference; lastKnownFileType = sourcecode.swift; path = TrueFalseViewController.swift; sourceTree = "<group>"; };
		BDABD3AF20485BF300E2E5A7 /* DerivativesViewController.swift */ = {isa = PBXFileReference; lastKnownFileType = sourcecode.swift; path = DerivativesViewController.swift; sourceTree = "<group>"; };
		BDABFA82204DFE1D00051A2B /* PackagesDuration.swift */ = {isa = PBXFileReference; fileEncoding = 4; lastKnownFileType = sourcecode.swift; path = PackagesDuration.swift; sourceTree = "<group>"; };
		BDABFA84204E06E700051A2B /* DurationCollectionViewCell.swift */ = {isa = PBXFileReference; lastKnownFileType = sourcecode.swift; path = DurationCollectionViewCell.swift; sourceTree = "<group>"; };
		BDB6248B2028C2C20007B261 /* Choice.swift */ = {isa = PBXFileReference; fileEncoding = 4; lastKnownFileType = sourcecode.swift; path = Choice.swift; sourceTree = "<group>"; };
		BDB6248E2028CA220007B261 /* QuestionMcqViewController.swift */ = {isa = PBXFileReference; lastKnownFileType = sourcecode.swift; path = QuestionMcqViewController.swift; sourceTree = "<group>"; };
		BDB624902028CA410007B261 /* QuestionMcqTableViewCell.swift */ = {isa = PBXFileReference; lastKnownFileType = sourcecode.swift; path = QuestionMcqTableViewCell.swift; sourceTree = "<group>"; };
		BDB624922028CB0E0007B261 /* McqChoiceTableViewCell.swift */ = {isa = PBXFileReference; lastKnownFileType = sourcecode.swift; path = McqChoiceTableViewCell.swift; sourceTree = "<group>"; };
		BDD184BC201F9ABD006EBAB9 /* Insight.app */ = {isa = PBXFileReference; explicitFileType = wrapper.application; includeInIndex = 0; path = Insight.app; sourceTree = BUILT_PRODUCTS_DIR; };
		BDD184BF201F9ABD006EBAB9 /* AppDelegate.swift */ = {isa = PBXFileReference; lastKnownFileType = sourcecode.swift; path = AppDelegate.swift; sourceTree = "<group>"; };
		BDD184CB201F9ABD006EBAB9 /* Info.plist */ = {isa = PBXFileReference; lastKnownFileType = text.plist.xml; path = Info.plist; sourceTree = "<group>"; };
		BDD184D7201F9BAE006EBAB9 /* Land.storyboard */ = {isa = PBXFileReference; lastKnownFileType = file.storyboard; path = Land.storyboard; sourceTree = "<group>"; };
		BDD184DA201F9BE2006EBAB9 /* LandViewController.swift */ = {isa = PBXFileReference; lastKnownFileType = sourcecode.swift; path = LandViewController.swift; sourceTree = "<group>"; };
		BDD184DF201FA0CE006EBAB9 /* Authentication.storyboard */ = {isa = PBXFileReference; lastKnownFileType = file.storyboard; path = Authentication.storyboard; sourceTree = "<group>"; };
		BDD184E1201FA0E1006EBAB9 /* AuthenticationViewController.swift */ = {isa = PBXFileReference; lastKnownFileType = sourcecode.swift; path = AuthenticationViewController.swift; sourceTree = "<group>"; };
		BDE45FF12037A69A0078C557 /* MiniDialogAnswersViewController.swift */ = {isa = PBXFileReference; lastKnownFileType = sourcecode.swift; path = MiniDialogAnswersViewController.swift; sourceTree = "<group>"; };
/* End PBXFileReference section */

/* Begin PBXFrameworksBuildPhase section */
		BDD184B9201F9ABD006EBAB9 /* Frameworks */ = {
			isa = PBXFrameworksBuildPhase;
			buildActionMask = 2147483647;
			files = (
				37CF4B43B70845F6FFD7E7DB /* Pods_Insight.framework in Frameworks */,
			);
			runOnlyForDeploymentPostprocessing = 0;
		};
/* End PBXFrameworksBuildPhase section */

/* Begin PBXGroup section */
		6E127467F5F5AA8AD44105FD /* Pods */ = {
			isa = PBXGroup;
			children = (
				018E49D3A5B90AA814EA38F8 /* Pods-Insight.debug.xcconfig */,
				26A23FCDB9BC4A55412DA1D2 /* Pods-Insight.release.xcconfig */,
			);
			name = Pods;
			sourceTree = "<group>";
		};
		BD1891672027C78200B3AE5A /* Match */ = {
			isa = PBXGroup;
			children = (
				BD628E882028A6160007BEE4 /* QuestionMatchViewController.swift */,
				BD628E8A2028A62B0007BEE4 /* QuestionMatchTableViewCell.swift */,
			);
			path = Match;
			sourceTree = "<group>";
		};
		BD1A0C702022DA850019B3CB /* InsightContent */ = {
			isa = PBXGroup;
			children = (
				BD2C1878204A037F002C78C8 /* DerivativeData.swift */,
				BD263C2E2045AF3D00EB5B1F /* Freewriting.swift */,
				BD263C2D2045AF3D00EB5B1F /* Mcq.swift */,
				BDAA580F202D12EE00C32AA9 /* SubQuestion.swift */,
				BD3DA400202B009500CCB7B0 /* Mistake.swift */,
				BDB6248B2028C2C20007B261 /* Choice.swift */,
				BD1478B3202330DF0090A481 /* QuestionData.swift */,
				BD1478B7202330E00090A481 /* InsightContentRootClass.swift */,
				BD1478B4202330E00090A481 /* Question.swift */,
				BD1478B5202330E00090A481 /* SubCategory.swift */,
				BD1478B6202330E00090A481 /* SubSubCategory.swift */,
			);
			path = InsightContent;
			sourceTree = "<group>";
		};
		BD1B1EB72020F7AF0000D813 /* Auth */ = {
			isa = PBXGroup;
			children = (
				BD1B1EB82020F7CE0000D813 /* AuthRootClass.swift */,
				BD1B1EB92020F7CE0000D813 /* User.swift */,
			);
			path = Auth;
			sourceTree = "<group>";
		};
		BD1B1EBC2020F95A0000D813 /* mavenPro Font */ = {
			isa = PBXGroup;
			children = (
				BD1B1EA62020ED710000D813 /* MavenPro-Black.ttf */,
				BD1B1EA42020ED700000D813 /* MavenPro-Bold.ttf */,
				BD1B1EA52020ED700000D813 /* MavenPro-Medium.ttf */,
				BD1B1EA72020ED720000D813 /* MavenPro-Regular.ttf */,
			);
			path = "mavenPro Font";
			sourceTree = "<group>";
		};
		BD1B1EC02021213F0000D813 /* Home */ = {
			isa = PBXGroup;
			children = (
				BD1B1EC120212F560000D813 /* Home.storyboard */,
				BD5378E7202FA5B7005BDE85 /* QuestionGeneralHeader.xib */,
			);
			path = Home;
			sourceTree = "<group>";
		};
		BD1B1EC3202131340000D813 /* SideMenu */ = {
			isa = PBXGroup;
			children = (
				BD1B1ECE2021319C0000D813 /* SideMenuViewController.storyboard */,
			);
			path = SideMenu;
			sourceTree = "<group>";
		};
		BD1B1EC42021313C0000D813 /* SideMenu */ = {
			isa = PBXGroup;
			children = (
				BD1B1EC9202131750000D813 /* InteractionControlller.swift */,
				BD1B1EC5202131750000D813 /* SideMenuAnimationController.swift */,
				BD1B1ECA202131750000D813 /* SideMenuDismissalInteractionController.swift */,
				BD1B1ECC202131760000D813 /* SideMenuManager.swift */,
				BD1B1ECB202131760000D813 /* SideMenuPresentationInteractionController.swift */,
				BD1B1EC6202131750000D813 /* SideMenuTableViewCell.swift */,
				BD1B1EC7202131750000D813 /* SideMenuViewController.swift */,
				BD1B1EC8202131750000D813 /* Storyboard.swift */,
				BD1B1ECD202131760000D813 /* StoryboardLoadable.swift */,
			);
			path = SideMenu;
			sourceTree = "<group>";
		};
		BD1B1ED82021355F0000D813 /* Home */ = {
			isa = PBXGroup;
			children = (
				BD1FF8422023CF9700FC74C2 /* Questions */,
				BD1B1ED9202135720000D813 /* HomeViewController.swift */,
				BD96771E2023478B0078B0A3 /* SubCategoryViewController.swift */,
				BD96772020234A5C0078B0A3 /* SubCategoryTableViewCell.swift */,
				BD47F1CF2023762900ABEBF5 /* SubSubCategoryViewController.swift */,
				BD96771C202346950078B0A3 /* SubSubCategoryTableViewCell.swift */,
				BD1FF8452023EBC900FC74C2 /* QuestionsContainerViewController.swift */,
				BD5378E9202FA6C0005BDE85 /* GeneralTableViewHeader.swift */,
				BDA2B4062040BCA700F36AB2 /* ResultsViewController.swift */,
				BD7E3990204D6B7C0092A02E /* LogoutViewController.swift */,
			);
			path = Home;
			sourceTree = "<group>";
		};
		BD1D28CB204C262A0088869A /* Subscribtion */ = {
			isa = PBXGroup;
			children = (
				BD1D28CF204C26C50088869A /* SubscribeViewController.swift */,
				BD1D28DA204C34930088869A /* PackageViewController.swift */,
				BD1D28DE204C3AE00088869A /* PackageView.swift */,
				BDABFA84204E06E700051A2B /* DurationCollectionViewCell.swift */,
			);
			path = Subscribtion;
			sourceTree = "<group>";
		};
		BD1D28CC204C26540088869A /* Subscribtion */ = {
			isa = PBXGroup;
			children = (
				BD1D28CD204C267A0088869A /* Subscribtion.storyboard */,
				BD1D28DC204C39DB0088869A /* Package.xib */,
			);
			path = Subscribtion;
			sourceTree = "<group>";
		};
		BD1D28D1204C2E110088869A /* Subscribtion */ = {
			isa = PBXGroup;
			children = (
				BD542A4B205165AD00FE3674 /* Promocode.swift */,
				BD542A4C205165AE00FE3674 /* PromoCodeResponse.swift */,
				BD542A4720515ED500FE3674 /* SubscribedPackage.swift */,
				BD542A4820515ED500FE3674 /* SubscribedPackageResponse.swift */,
				BDABFA82204DFE1D00051A2B /* PackagesDuration.swift */,
				BD1D28D2204C2E4D0088869A /* PackageRootClass.swift */,
				BD1D28D3204C2E4D0088869A /* PackageUnlocked.swift */,
				BD87A37720571E7300F2B6C9 /* SubscribtionRealmObjects.swift */,
			);
			path = Subscribtion;
			sourceTree = "<group>";
		};
		BD1FF8422023CF9700FC74C2 /* Questions */ = {
			isa = PBXGroup;
			children = (
				BDABD3AE2048519600E2E5A7 /* Derivatives */,
				BD263C312045AF8F00EB5B1F /* Comprehension */,
				BDAA5816202D155000C32AA9 /* TrueFalse */,
				BDAA5811202D134800C32AA9 /* Quotations */,
				BDAA580A202D113500C32AA9 /* Writing */,
				BDAA5805202CFA8200C32AA9 /* GeneralQuestion */,
				BDAA57F6202CEE9F00C32AA9 /* Mistakes */,
				BD3DA3FA202AF64600CCB7B0 /* MiniDialog */,
				BDB6248D2028C3260007B261 /* MCQ */,
				BD1891672027C78200B3AE5A /* Match */,
				BD9A4B5F202775A000DCCAE6 /* Listening */,
				BD9A4B5C2027680700DCCAE6 /* Dictation */,
				BD39AD3F20273EDC00DC03B3 /* Antonym */,
				BD39AD3E20273ED100DC03B3 /* Complete */,
			);
			path = Questions;
			sourceTree = "<group>";
		};
		BD2141CD2039D4550083B242 /* MBProgressHUD */ = {
			isa = PBXGroup;
			children = (
				BD2141CF2039D4980083B242 /* MBProgressHUD.h */,
				BD2141D02039D4980083B242 /* MBProgressHUD.m */,
			);
			name = MBProgressHUD;
			sourceTree = "<group>";
		};
		BD263C312045AF8F00EB5B1F /* Comprehension */ = {
			isa = PBXGroup;
			children = (
				BD263C322045AFBB00EB5B1F /* ComprehensionViewController.swift */,
				BD263C342045B2D900EB5B1F /* FreeWritingTableViewCell.swift */,
			);
			path = Comprehension;
			sourceTree = "<group>";
		};
		BD2EF688203DB28D0003B96B /* Flag */ = {
			isa = PBXGroup;
			children = (
				BD2EF689203DB2A70003B96B /* FlagRealmObjects.swift */,
			);
			path = Flag;
			sourceTree = "<group>";
		};
		BD39AD3E20273ED100DC03B3 /* Complete */ = {
			isa = PBXGroup;
			children = (
				BD39AD402027447F00DC03B3 /* QuestionCompleteViewController.swift */,
				BD39AD422027449A00DC03B3 /* QuestionCompleteTableViewCell.swift */,
			);
			path = Complete;
			sourceTree = "<group>";
		};
		BD39AD3F20273EDC00DC03B3 /* Antonym */ = {
			isa = PBXGroup;
			children = (
				BD1FF8432023CFBA00FC74C2 /* AntonymQViewController.swift */,
				BD39AD4420275A7000DC03B3 /* QuestionAntonymTableViewCell.swift */,
			);
			path = Antonym;
			sourceTree = "<group>";
		};
		BD3DA3FA202AF64600CCB7B0 /* MiniDialog */ = {
			isa = PBXGroup;
			children = (
				BD3DA3FC202AF66A00CCB7B0 /* MiniDialogViewController.swift */,
				BD3DA3FE202AFBEE00CCB7B0 /* MiniDialogTableViewCell.swift */,
				BDE45FF12037A69A0078C557 /* MiniDialogAnswersViewController.swift */,
			);
			path = MiniDialog;
			sourceTree = "<group>";
		};
		BD40FD8C203C5379001E159C /* Flag */ = {
			isa = PBXGroup;
			children = (
				BD40FD8F203C53B6001E159C /* Flag.storyboard */,
			);
			path = Flag;
			sourceTree = "<group>";
		};
		BD40FD8D203C5395001E159C /* Flag */ = {
			isa = PBXGroup;
			children = (
				BD40FD91203C5820001E159C /* FlagViewController.swift */,
				BD40FD93203C5D84001E159C /* FlagTableViewCell.swift */,
				BD40FD97203C6AF3001E159C /* EditFlagViewController.swift */,
				BD40FD95203C6AE0001E159C /* EditFlagTableViewCell.swift */,
				BDA2B40C20417B8F00F36AB2 /* AddMediaViewController.swift */,
				BDA2B40E20417E3800F36AB2 /* AddPhotoViewController.swift */,
				BDA2B41020421F5400F36AB2 /* AddNoteViewController.swift */,
				BD0D6082204300780007C867 /* AddVoiceNoteViewController.swift */,
			);
			path = Flag;
			sourceTree = "<group>";
		};
		BD43671F205063C00038345A /* note */ = {
			isa = PBXGroup;
			children = (
				BD436720205063CC0038345A /* Note.storyboard */,
			);
			path = note;
			sourceTree = "<group>";
		};
		BD436722205064380038345A /* Note */ = {
			isa = PBXGroup;
			children = (
				BD4367232050644D0038345A /* ApplicationNoteViewController.swift */,
			);
			path = Note;
			sourceTree = "<group>";
		};
		BD4EB7A2204442C9001B3DD7 /* Score */ = {
			isa = PBXGroup;
			children = (
				BD4EB7A3204442DA001B3DD7 /* UpdateScoreData.swift */,
				BD4EB7A4204442DA001B3DD7 /* UpdateScoreRootClass.swift */,
			);
			path = Score;
			sourceTree = "<group>";
		};
		BD542A3B20509AD700FE3674 /* Information */ = {
			isa = PBXGroup;
			children = (
				BD542A3C20509B0300FE3674 /* Information.storyboard */,
			);
			path = Information;
			sourceTree = "<group>";
		};
		BD542A3E20509D9F00FE3674 /* Information */ = {
			isa = PBXGroup;
			children = (
				BD542A3F20509DB700FE3674 /* AboutAppViewController.swift */,
				BD542A4120509FA500FE3674 /* AboutDevelopersViewController.swift */,
			);
			path = Information;
			sourceTree = "<group>";
		};
		BD9A4B5C2027680700DCCAE6 /* Dictation */ = {
			isa = PBXGroup;
			children = (
				BD9A4B5D2027682100DCCAE6 /* QuestionDictationViewController.swift */,
				BD9A4B5A202767F200DCCAE6 /* QuestionDictationTableViewCell.swift */,
			);
			path = Dictation;
			sourceTree = "<group>";
		};
		BD9A4B5F202775A000DCCAE6 /* Listening */ = {
			isa = PBXGroup;
			children = (
				BD9A4B60202775B800DCCAE6 /* QuestionListeningViewController.swift */,
				BD9A4B62202775D200DCCAE6 /* QuestionListeningTableViewCell.swift */,
			);
			path = Listening;
			sourceTree = "<group>";
		};
		BDAA57F6202CEE9F00C32AA9 /* Mistakes */ = {
			isa = PBXGroup;
			children = (
				BDAA57F7202CEF9900C32AA9 /* MistakesViewController.swift */,
				BDAA57F9202CEFAF00C32AA9 /* MistakesTableViewCell.swift */,
			);
			path = Mistakes;
			sourceTree = "<group>";
		};
		BDAA5805202CFA8200C32AA9 /* GeneralQuestion */ = {
			isa = PBXGroup;
			children = (
				BDAA5806202CFA9600C32AA9 /* GeneralQuestionViewController.swift */,
				BDAA5808202CFAAF00C32AA9 /* GeneralQuestionTableViewCell.swift */,
				BD3DB17820384894002A632D /* GeneralQuestionAnswersViewController.swift */,
			);
			path = GeneralQuestion;
			sourceTree = "<group>";
		};
		BDAA580A202D113500C32AA9 /* Writing */ = {
			isa = PBXGroup;
			children = (
				BDAA580D202D118400C32AA9 /* WritingViewController.swift */,
				BDAA580B202D117200C32AA9 /* WritingTableViewCell.swift */,
			);
			path = Writing;
			sourceTree = "<group>";
		};
		BDAA5811202D134800C32AA9 /* Quotations */ = {
			isa = PBXGroup;
			children = (
				BDAA5812202D14A500C32AA9 /* QuotationViewController.swift */,
				BDAA5814202D14BB00C32AA9 /* QuotationTableViewCell.swift */,
			);
			path = Quotations;
			sourceTree = "<group>";
		};
		BDAA5816202D155000C32AA9 /* TrueFalse */ = {
			isa = PBXGroup;
			children = (
				BDAA5819202D18DC00C32AA9 /* TrueFalseViewController.swift */,
				BDAA5817202D18C600C32AA9 /* TrueFalseTableViewCell.swift */,
			);
			path = TrueFalse;
			sourceTree = "<group>";
		};
		BDABD3AE2048519600E2E5A7 /* Derivatives */ = {
			isa = PBXGroup;
			children = (
				BDABD3AF20485BF300E2E5A7 /* DerivativesViewController.swift */,
			);
			path = Derivatives;
			sourceTree = "<group>";
		};
		BDB6248D2028C3260007B261 /* MCQ */ = {
			isa = PBXGroup;
			children = (
				BDB6248E2028CA220007B261 /* QuestionMcqViewController.swift */,
				BDB624902028CA410007B261 /* QuestionMcqTableViewCell.swift */,
				BDB624922028CB0E0007B261 /* McqChoiceTableViewCell.swift */,
			);
			path = MCQ;
			sourceTree = "<group>";
		};
		BDD184B3201F9ABD006EBAB9 = {
			isa = PBXGroup;
			children = (
				BDD184BE201F9ABD006EBAB9 /* Insight */,
				BDD184BD201F9ABD006EBAB9 /* Products */,
				6E127467F5F5AA8AD44105FD /* Pods */,
				C29C5D27A43A6BF75CD0E3F4 /* Frameworks */,
			);
			sourceTree = "<group>";
		};
		BDD184BD201F9ABD006EBAB9 /* Products */ = {
			isa = PBXGroup;
			children = (
				BDD184BC201F9ABD006EBAB9 /* Insight.app */,
			);
			name = Products;
			sourceTree = "<group>";
		};
		BDD184BE201F9ABD006EBAB9 /* Insight */ = {
			isa = PBXGroup;
			children = (
				BDAA1AFC204ECBEE00D02E01 /* Insight.entitlements */,
				BDD184CB201F9ABD006EBAB9 /* Info.plist */,
				BDD184D1201F9ACD006EBAB9 /* Common */,
				BDD184D3201F9AEE006EBAB9 /* Models */,
				BDD184D4201F9AF8006EBAB9 /* Controllers */,
				BDD184D5201F9AFD006EBAB9 /* Views */,
			);
			path = Insight;
			sourceTree = "<group>";
		};
		BDD184D1201F9ACD006EBAB9 /* Common */ = {
			isa = PBXGroup;
			children = (
				BD2141CE2039D4970083B242 /* Insight-Bridging-Header.h */,
				BD2141CD2039D4550083B242 /* MBProgressHUD */,
				BD1B1EBC2020F95A0000D813 /* mavenPro Font */,
				BDD184BF201F9ABD006EBAB9 /* AppDelegate.swift */,
				BD27EEDF201FF353007872E0 /* LaunchScreen.storyboard */,
				BD542A452051593800FE3674 /* Assets.xcassets */,
				BD1B1EAA2020F5EF0000D813 /* ServerManager.swift */,
				BD1B1EAC2020F6090000D813 /* AppConstants.swift */,
				BD1B1EAE2020F6120000D813 /* ActivityLoaderHelper.swift */,
				BD1B1EB02020F61C0000D813 /* Extensions.swift */,
				BD1B1EB42020F6F80000D813 /* GeneralMethods.swift */,
				BD47F1CD202353E900ABEBF5 /* Enumerations.swift */,
				BD1FF8402023CB4E00FC74C2 /* SubClass.swift */,
			);
			path = Common;
			sourceTree = "<group>";
		};
		BDD184D3201F9AEE006EBAB9 /* Models */ = {
			isa = PBXGroup;
			children = (
				BDD184DE201F9CEF006EBAB9 /* Contracts */,
				BDA5B8B0203BA5070009DD31 /* GeneralResponse .swift */,
				BD1B1EB62020F7180000D813 /* UserModel.swift */,
				BD4EB7A020444150001B3DD7 /* ScoreModel.swift */,
				BD1D28D6204C2E700088869A /* SubscribtionModel.swift */,
			);
			path = Models;
			sourceTree = "<group>";
		};
		BDD184D4201F9AF8006EBAB9 /* Controllers */ = {
			isa = PBXGroup;
			children = (
				BD542A3E20509D9F00FE3674 /* Information */,
				BD436722205064380038345A /* Note */,
				BD1D28CB204C262A0088869A /* Subscribtion */,
				BD40FD8D203C5395001E159C /* Flag */,
				BD1B1ED82021355F0000D813 /* Home */,
				BD1B1EC42021313C0000D813 /* SideMenu */,
				BDD184DD201F9CE8006EBAB9 /* User */,
				BDD184D9201F9BB8006EBAB9 /* LandScreen */,
				BD2141CB2039D1230083B242 /* ParentViewController.swift */,
			);
			path = Controllers;
			sourceTree = "<group>";
		};
		BDD184D5201F9AFD006EBAB9 /* Views */ = {
			isa = PBXGroup;
			children = (
				BD542A3B20509AD700FE3674 /* Information */,
				BD43671F205063C00038345A /* note */,
				BD1D28CC204C26540088869A /* Subscribtion */,
				BD40FD8C203C5379001E159C /* Flag */,
				BD1B1EC3202131340000D813 /* SideMenu */,
				BD1B1EC02021213F0000D813 /* Home */,
				BDD184DC201F9CD7006EBAB9 /* User */,
				BDD184D6201F9B8E006EBAB9 /* LandScreen */,
			);
			path = Views;
			sourceTree = "<group>";
		};
		BDD184D6201F9B8E006EBAB9 /* LandScreen */ = {
			isa = PBXGroup;
			children = (
				BDD184D7201F9BAE006EBAB9 /* Land.storyboard */,
			);
			path = LandScreen;
			sourceTree = "<group>";
		};
		BDD184D9201F9BB8006EBAB9 /* LandScreen */ = {
			isa = PBXGroup;
			children = (
				BDD184DA201F9BE2006EBAB9 /* LandViewController.swift */,
			);
			path = LandScreen;
			sourceTree = "<group>";
		};
		BDD184DC201F9CD7006EBAB9 /* User */ = {
			isa = PBXGroup;
			children = (
				BDD184DF201FA0CE006EBAB9 /* Authentication.storyboard */,
				BD0E7819203AE289001003B5 /* Account.storyboard */,
			);
			path = User;
			sourceTree = "<group>";
		};
		BDD184DD201F9CE8006EBAB9 /* User */ = {
			isa = PBXGroup;
			children = (
				BDD184E1201FA0E1006EBAB9 /* AuthenticationViewController.swift */,
				BD27EEDD201FF02D007872E0 /* SignInViewController.swift */,
				BD1B1EA82020F17E0000D813 /* SignUpViewController.swift */,
				BD1B1EBE202113A60000D813 /* ForgetPasswordViewController.swift */,
				BD0E781B203AE344001003B5 /* UserAccountViewController.swift */,
				BD0E781D203B95F6001003B5 /* ChangePasswordViewController.swift */,
				BD3414D0205477E500AEDD1B /* CodeViewController.swift */,
				BD3414D220547F9000AEDD1B /* UpdatePassViewController.swift */,
			);
			path = User;
			sourceTree = "<group>";
		};
		BDD184DE201F9CEF006EBAB9 /* Contracts */ = {
			isa = PBXGroup;
			children = (
				BD1D28D1204C2E110088869A /* Subscribtion */,
				BD4EB7A2204442C9001B3DD7 /* Score */,
				BD2EF688203DB28D0003B96B /* Flag */,
				BD1A0C702022DA850019B3CB /* InsightContent */,
				BD1B1EB72020F7AF0000D813 /* Auth */,
			);
			path = Contracts;
			sourceTree = "<group>";
		};
		C29C5D27A43A6BF75CD0E3F4 /* Frameworks */ = {
			isa = PBXGroup;
			children = (
				A6BB51FC6CCE498E490B9F12 /* Pods_Insight.framework */,
			);
			name = Frameworks;
			sourceTree = "<group>";
		};
/* End PBXGroup section */

/* Begin PBXNativeTarget section */
		BDD184BB201F9ABD006EBAB9 /* Insight */ = {
			isa = PBXNativeTarget;
			buildConfigurationList = BDD184CE201F9ABD006EBAB9 /* Build configuration list for PBXNativeTarget "Insight" */;
			buildPhases = (
				E427E62252327947A8255228 /* [CP] Check Pods Manifest.lock */,
				BDD184B8201F9ABD006EBAB9 /* Sources */,
				BDD184B9201F9ABD006EBAB9 /* Frameworks */,
				BDD184BA201F9ABD006EBAB9 /* Resources */,
				8E301A690CCBD4F88CB39098 /* [CP] Embed Pods Frameworks */,
				D0E769763D7E033DCE9C0597 /* [CP] Copy Pods Resources */,
			);
			buildRules = (
			);
			dependencies = (
			);
			name = Insight;
			productName = Insight;
			productReference = BDD184BC201F9ABD006EBAB9 /* Insight.app */;
			productType = "com.apple.product-type.application";
		};
/* End PBXNativeTarget section */

/* Begin PBXProject section */
		BDD184B4201F9ABD006EBAB9 /* Project object */ = {
			isa = PBXProject;
			attributes = {
				LastSwiftUpdateCheck = 0900;
				LastUpgradeCheck = 0900;
				ORGANIZATIONNAME = ClueApps;
				TargetAttributes = {
					BDD184BB201F9ABD006EBAB9 = {
						CreatedOnToolsVersion = 9.0;
						LastSwiftMigration = 0900;
						ProvisioningStyle = Automatic;
						SystemCapabilities = {
							com.apple.BackgroundModes = {
								enabled = 1;
							};
							com.apple.Push = {
								enabled = 1;
							};
						};
					};
				};
			};
			buildConfigurationList = BDD184B7201F9ABD006EBAB9 /* Build configuration list for PBXProject "Insight" */;
			compatibilityVersion = "Xcode 8.0";
			developmentRegion = en;
			hasScannedForEncodings = 0;
			knownRegions = (
				en,
				Base,
			);
			mainGroup = BDD184B3201F9ABD006EBAB9;
			productRefGroup = BDD184BD201F9ABD006EBAB9 /* Products */;
			projectDirPath = "";
			projectRoot = "";
			targets = (
				BDD184BB201F9ABD006EBAB9 /* Insight */,
			);
		};
/* End PBXProject section */

/* Begin PBXResourcesBuildPhase section */
		BDD184BA201F9ABD006EBAB9 /* Resources */ = {
			isa = PBXResourcesBuildPhase;
			buildActionMask = 2147483647;
			files = (
				BDD184E0201FA0CE006EBAB9 /* Authentication.storyboard in Resources */,
				BD1B1EC220212F560000D813 /* Home.storyboard in Resources */,
				BDA2B4092040D0CB00F36AB2 /* MavenPro-Bold.ttf in Resources */,
				BDA2B4082040D0C800F36AB2 /* MavenPro-Black.ttf in Resources */,
				BDD184D8201F9BAE006EBAB9 /* Land.storyboard in Resources */,
				BDA2B40A2040D0CD00F36AB2 /* MavenPro-Medium.ttf in Resources */,
				BD542A462051593900FE3674 /* Assets.xcassets in Resources */,
				BDA2B40B2040D0D000F36AB2 /* MavenPro-Regular.ttf in Resources */,
				BD1B1EDB2021389F0000D813 /* SideMenuViewController.storyboard in Resources */,
				BD27EEE0201FF353007872E0 /* LaunchScreen.storyboard in Resources */,
				BD1D28DD204C39DB0088869A /* Package.xib in Resources */,
				BD542A3D20509B0300FE3674 /* Information.storyboard in Resources */,
				BD0E781A203AE289001003B5 /* Account.storyboard in Resources */,
				BD436721205063CC0038345A /* Note.storyboard in Resources */,
				BD1D28CE204C267A0088869A /* Subscribtion.storyboard in Resources */,
				BD40FD90203C53B6001E159C /* Flag.storyboard in Resources */,
				BD5378E8202FA5B7005BDE85 /* QuestionGeneralHeader.xib in Resources */,
			);
			runOnlyForDeploymentPostprocessing = 0;
		};
/* End PBXResourcesBuildPhase section */

/* Begin PBXShellScriptBuildPhase section */
		8E301A690CCBD4F88CB39098 /* [CP] Embed Pods Frameworks */ = {
			isa = PBXShellScriptBuildPhase;
			buildActionMask = 2147483647;
			files = (
			);
			inputPaths = (
				"${SRCROOT}/Pods/Target Support Files/Pods-Insight/Pods-Insight-frameworks.sh",
				"${BUILT_PRODUCTS_DIR}/Alamofire/Alamofire.framework",
				"${BUILT_PRODUCTS_DIR}/CryptoSwift/CryptoSwift.framework",
				"${BUILT_PRODUCTS_DIR}/IQKeyboardManagerSwift/IQKeyboardManagerSwift.framework",
				"${BUILT_PRODUCTS_DIR}/Realm/Realm.framework",
				"${BUILT_PRODUCTS_DIR}/RealmSwift/RealmSwift.framework",
				"${BUILT_PRODUCTS_DIR}/SpinKit/SpinKit.framework",
				"${BUILT_PRODUCTS_DIR}/UICircularProgressRing/UICircularProgressRing.framework",
			);
			name = "[CP] Embed Pods Frameworks";
			outputPaths = (
				"${TARGET_BUILD_DIR}/${FRAMEWORKS_FOLDER_PATH}/Alamofire.framework",
				"${TARGET_BUILD_DIR}/${FRAMEWORKS_FOLDER_PATH}/CryptoSwift.framework",
				"${TARGET_BUILD_DIR}/${FRAMEWORKS_FOLDER_PATH}/IQKeyboardManagerSwift.framework",
				"${TARGET_BUILD_DIR}/${FRAMEWORKS_FOLDER_PATH}/Realm.framework",
				"${TARGET_BUILD_DIR}/${FRAMEWORKS_FOLDER_PATH}/RealmSwift.framework",
				"${TARGET_BUILD_DIR}/${FRAMEWORKS_FOLDER_PATH}/SpinKit.framework",
				"${TARGET_BUILD_DIR}/${FRAMEWORKS_FOLDER_PATH}/UICircularProgressRing.framework",
			);
			runOnlyForDeploymentPostprocessing = 0;
			shellPath = /bin/sh;
			shellScript = "\"${SRCROOT}/Pods/Target Support Files/Pods-Insight/Pods-Insight-frameworks.sh\"\n";
			showEnvVarsInLog = 0;
		};
		D0E769763D7E033DCE9C0597 /* [CP] Copy Pods Resources */ = {
			isa = PBXShellScriptBuildPhase;
			buildActionMask = 2147483647;
			files = (
			);
			inputPaths = (
			);
			name = "[CP] Copy Pods Resources";
			outputPaths = (
			);
			runOnlyForDeploymentPostprocessing = 0;
			shellPath = /bin/sh;
			shellScript = "\"${SRCROOT}/Pods/Target Support Files/Pods-Insight/Pods-Insight-resources.sh\"\n";
			showEnvVarsInLog = 0;
		};
		E427E62252327947A8255228 /* [CP] Check Pods Manifest.lock */ = {
			isa = PBXShellScriptBuildPhase;
			buildActionMask = 2147483647;
			files = (
			);
			inputPaths = (
				"${PODS_PODFILE_DIR_PATH}/Podfile.lock",
				"${PODS_ROOT}/Manifest.lock",
			);
			name = "[CP] Check Pods Manifest.lock";
			outputPaths = (
				"$(DERIVED_FILE_DIR)/Pods-Insight-checkManifestLockResult.txt",
			);
			runOnlyForDeploymentPostprocessing = 0;
			shellPath = /bin/sh;
			shellScript = "diff \"${PODS_PODFILE_DIR_PATH}/Podfile.lock\" \"${PODS_ROOT}/Manifest.lock\" > /dev/null\nif [ $? != 0 ] ; then\n    # print error to STDERR\n    echo \"error: The sandbox is not in sync with the Podfile.lock. Run 'pod install' or update your CocoaPods installation.\" >&2\n    exit 1\nfi\n# This output is used by Xcode 'outputs' to avoid re-running this script phase.\necho \"SUCCESS\" > \"${SCRIPT_OUTPUT_FILE_0}\"\n";
			showEnvVarsInLog = 0;
		};
/* End PBXShellScriptBuildPhase section */

/* Begin PBXSourcesBuildPhase section */
		BDD184B8201F9ABD006EBAB9 /* Sources */ = {
			isa = PBXSourcesBuildPhase;
			buildActionMask = 2147483647;
			files = (
				BD1D28D4204C2E4D0088869A /* PackageRootClass.swift in Sources */,
				BDAA57FA202CEFAF00C32AA9 /* MistakesTableViewCell.swift in Sources */,
				BD1D28D0204C26C50088869A /* SubscribeViewController.swift in Sources */,
				BD542A4220509FA500FE3674 /* AboutDevelopersViewController.swift in Sources */,
				BD1B1ED42021349D0000D813 /* SideMenuPresentationInteractionController.swift in Sources */,
				BDA2B41120421F5400F36AB2 /* AddNoteViewController.swift in Sources */,
				BDAA581A202D18DC00C32AA9 /* TrueFalseViewController.swift in Sources */,
				BD2C1879204A0380002C78C8 /* DerivativeData.swift in Sources */,
				BD1B1EBB2020F7CE0000D813 /* User.swift in Sources */,
				BD4367242050644D0038345A /* ApplicationNoteViewController.swift in Sources */,
				BD96771D202346950078B0A3 /* SubSubCategoryTableViewCell.swift in Sources */,
				BD9A4B63202775D200DCCAE6 /* QuestionListeningTableViewCell.swift in Sources */,
				BD1D28D7204C2E700088869A /* SubscribtionModel.swift in Sources */,
				BD40FD98203C6AF3001E159C /* EditFlagViewController.swift in Sources */,
				BD542A4A20515ED500FE3674 /* SubscribedPackageResponse.swift in Sources */,
				BDAA5818202D18C600C32AA9 /* TrueFalseTableViewCell.swift in Sources */,
				BD27EEDE201FF02D007872E0 /* SignInViewController.swift in Sources */,
				BD87A37820571E7300F2B6C9 /* SubscribtionRealmObjects.swift in Sources */,
				BD1B1ED22021349D0000D813 /* SideMenuDismissalInteractionController.swift in Sources */,
				BD1B1EB12020F61C0000D813 /* Extensions.swift in Sources */,
				BD39AD432027449A00DC03B3 /* QuestionCompleteTableViewCell.swift in Sources */,
				BD628E892028A6160007BEE4 /* QuestionMatchViewController.swift in Sources */,
				BD1D28D5204C2E4D0088869A /* PackageUnlocked.swift in Sources */,
				BD40FD96203C6AE0001E159C /* EditFlagTableViewCell.swift in Sources */,
				BD263C332045AFBB00EB5B1F /* ComprehensionViewController.swift in Sources */,
				BD47F1D02023762900ABEBF5 /* SubSubCategoryViewController.swift in Sources */,
				BD39AD412027447F00DC03B3 /* QuestionCompleteViewController.swift in Sources */,
				BD4EB7A5204442DA001B3DD7 /* UpdateScoreData.swift in Sources */,
				BD1B1EBA2020F7CE0000D813 /* AuthRootClass.swift in Sources */,
				BD4EB7A6204442DA001B3DD7 /* UpdateScoreRootClass.swift in Sources */,
				BD1478B8202330E00090A481 /* QuestionData.swift in Sources */,
				BD1B1EBF202113A60000D813 /* ForgetPasswordViewController.swift in Sources */,
				BD1B1EAF2020F6120000D813 /* ActivityLoaderHelper.swift in Sources */,
				BD2141CC2039D1230083B242 /* ParentViewController.swift in Sources */,
				BD3414D1205477E500AEDD1B /* CodeViewController.swift in Sources */,
				BD1B1EBD2020FC280000D813 /* UserModel.swift in Sources */,
				BD9A4B5E2027682100DCCAE6 /* QuestionDictationViewController.swift in Sources */,
				BDA2B4072040BCA700F36AB2 /* ResultsViewController.swift in Sources */,
				BD1D28DB204C34930088869A /* PackageViewController.swift in Sources */,
				BD1D28DF204C3AE00088869A /* PackageView.swift in Sources */,
				BD3DA3FD202AF66A00CCB7B0 /* MiniDialogViewController.swift in Sources */,
				BDAA5807202CFA9600C32AA9 /* GeneralQuestionViewController.swift in Sources */,
				BD9A4B61202775B800DCCAE6 /* QuestionListeningViewController.swift in Sources */,
				BDB6248F2028CA220007B261 /* QuestionMcqViewController.swift in Sources */,
				BD2141D12039D4980083B242 /* MBProgressHUD.m in Sources */,
				BD542A4E205165AE00FE3674 /* PromoCodeResponse.swift in Sources */,
				BD1B1ED02021349D0000D813 /* InteractionControlller.swift in Sources */,
				BD3DB17920384894002A632D /* GeneralQuestionAnswersViewController.swift in Sources */,
				BDA2B40D20417B8F00F36AB2 /* AddMediaViewController.swift in Sources */,
				BD1478BC202330E00090A481 /* InsightContentRootClass.swift in Sources */,
				BDAA580E202D118400C32AA9 /* WritingViewController.swift in Sources */,
				BDE45FF22037A69A0078C557 /* MiniDialogAnswersViewController.swift in Sources */,
				BD9A4B5B202767F200DCCAE6 /* QuestionDictationTableViewCell.swift in Sources */,
				BDA5B8B1203BA5070009DD31 /* GeneralResponse .swift in Sources */,
				BDABFA85204E06E700051A2B /* DurationCollectionViewCell.swift in Sources */,
				BDB624932028CB0E0007B261 /* McqChoiceTableViewCell.swift in Sources */,
				BDD184DB201F9BE2006EBAB9 /* LandViewController.swift in Sources */,
				BD1FF8462023EBC900FC74C2 /* QuestionsContainerViewController.swift in Sources */,
				BDB6248C2028C2C20007B261 /* Choice.swift in Sources */,
				BD1FF8412023CB4E00FC74C2 /* SubClass.swift in Sources */,
				BD0E781E203B95F6001003B5 /* ChangePasswordViewController.swift in Sources */,
				BD4EB7A120444150001B3DD7 /* ScoreModel.swift in Sources */,
				BDAA5813202D14A500C32AA9 /* QuotationViewController.swift in Sources */,
				BD1B1EDA202135720000D813 /* HomeViewController.swift in Sources */,
				BD1478BB202330E00090A481 /* SubSubCategory.swift in Sources */,
				BDABD3B020485BF300E2E5A7 /* DerivativesViewController.swift in Sources */,
				BD1B1EB52020F6F80000D813 /* GeneralMethods.swift in Sources */,
				BD7E3991204D6B7C0092A02E /* LogoutViewController.swift in Sources */,
				BDAA57F8202CEF9900C32AA9 /* MistakesViewController.swift in Sources */,
				BD1B1ED62021349D0000D813 /* Storyboard.swift in Sources */,
				BDD184E2201FA0E1006EBAB9 /* AuthenticationViewController.swift in Sources */,
				BDAA5809202CFAAF00C32AA9 /* GeneralQuestionTableViewCell.swift in Sources */,
				BD542A4920515ED500FE3674 /* SubscribedPackage.swift in Sources */,
				BD1FF8442023CFBA00FC74C2 /* AntonymQViewController.swift in Sources */,
				BD542A4020509DB700FE3674 /* AboutAppViewController.swift in Sources */,
				BDABFA83204DFE1D00051A2B /* PackagesDuration.swift in Sources */,
				BD1B1ED32021349D0000D813 /* SideMenuManager.swift in Sources */,
				BD1B1ED72021349D0000D813 /* StoryboardLoadable.swift in Sources */,
				BDAA580C202D117200C32AA9 /* WritingTableViewCell.swift in Sources */,
				BD0D6083204300780007C867 /* AddVoiceNoteViewController.swift in Sources */,
				BD628E8B2028A62B0007BEE4 /* QuestionMatchTableViewCell.swift in Sources */,
				BD542A4D205165AE00FE3674 /* Promocode.swift in Sources */,
				BD263C352045B2D900EB5B1F /* FreeWritingTableViewCell.swift in Sources */,
				BD263C2F2045AF3E00EB5B1F /* Mcq.swift in Sources */,
				BD40FD92203C5820001E159C /* FlagViewController.swift in Sources */,
				BDA2B40F20417E3800F36AB2 /* AddPhotoViewController.swift in Sources */,
				BD96771F2023478B0078B0A3 /* SubCategoryViewController.swift in Sources */,
				BDD184C0201F9ABD006EBAB9 /* AppDelegate.swift in Sources */,
				BDAA5815202D14BB00C32AA9 /* QuotationTableViewCell.swift in Sources */,
				BD3414D320547F9000AEDD1B /* UpdatePassViewController.swift in Sources */,
				BDB624912028CA410007B261 /* QuestionMcqTableViewCell.swift in Sources */,
				BD1478BA202330E00090A481 /* SubCategory.swift in Sources */,
				BD0E781C203AE344001003B5 /* UserAccountViewController.swift in Sources */,
				BD263C302045AF3E00EB5B1F /* Freewriting.swift in Sources */,
				BD3DA401202B009500CCB7B0 /* Mistake.swift in Sources */,
				BD39AD4520275A7000DC03B3 /* QuestionAntonymTableViewCell.swift in Sources */,
				BD1B1EAD2020F6090000D813 /* AppConstants.swift in Sources */,
				BD1B1EAB2020F5EF0000D813 /* ServerManager.swift in Sources */,
				BD40FD94203C5D84001E159C /* FlagTableViewCell.swift in Sources */,
				BD3DA3FF202AFBEE00CCB7B0 /* MiniDialogTableViewCell.swift in Sources */,
				BD1478B9202330E00090A481 /* Question.swift in Sources */,
				BD1B1ECF202134930000D813 /* SideMenuViewController.swift in Sources */,
				BD1B1ED52021349D0000D813 /* SideMenuTableViewCell.swift in Sources */,
				BD1B1EA92020F17E0000D813 /* SignUpViewController.swift in Sources */,
				BD96772120234A5C0078B0A3 /* SubCategoryTableViewCell.swift in Sources */,
				BD1B1ED12021349D0000D813 /* SideMenuAnimationController.swift in Sources */,
				BD2EF68A203DB2A70003B96B /* FlagRealmObjects.swift in Sources */,
				BDAA5810202D12EE00C32AA9 /* SubQuestion.swift in Sources */,
				BD5378EA202FA6C0005BDE85 /* GeneralTableViewHeader.swift in Sources */,
				BD47F1CE202353E900ABEBF5 /* Enumerations.swift in Sources */,
			);
			runOnlyForDeploymentPostprocessing = 0;
		};
/* End PBXSourcesBuildPhase section */

/* Begin XCBuildConfiguration section */
		BDD184CC201F9ABD006EBAB9 /* Debug */ = {
			isa = XCBuildConfiguration;
			buildSettings = {
				ALWAYS_SEARCH_USER_PATHS = NO;
				CLANG_ANALYZER_NONNULL = YES;
				CLANG_ANALYZER_NUMBER_OBJECT_CONVERSION = YES_AGGRESSIVE;
				CLANG_CXX_LANGUAGE_STANDARD = "gnu++14";
				CLANG_CXX_LIBRARY = "libc++";
				CLANG_ENABLE_MODULES = YES;
				CLANG_ENABLE_OBJC_ARC = YES;
				CLANG_WARN_BLOCK_CAPTURE_AUTORELEASING = YES;
				CLANG_WARN_BOOL_CONVERSION = YES;
				CLANG_WARN_COMMA = YES;
				CLANG_WARN_CONSTANT_CONVERSION = YES;
				CLANG_WARN_DIRECT_OBJC_ISA_USAGE = YES_ERROR;
				CLANG_WARN_DOCUMENTATION_COMMENTS = YES;
				CLANG_WARN_EMPTY_BODY = YES;
				CLANG_WARN_ENUM_CONVERSION = YES;
				CLANG_WARN_INFINITE_RECURSION = YES;
				CLANG_WARN_INT_CONVERSION = YES;
				CLANG_WARN_NON_LITERAL_NULL_CONVERSION = YES;
				CLANG_WARN_OBJC_LITERAL_CONVERSION = YES;
				CLANG_WARN_OBJC_ROOT_CLASS = YES_ERROR;
				CLANG_WARN_RANGE_LOOP_ANALYSIS = YES;
				CLANG_WARN_STRICT_PROTOTYPES = YES;
				CLANG_WARN_SUSPICIOUS_MOVE = YES;
				CLANG_WARN_UNGUARDED_AVAILABILITY = YES_AGGRESSIVE;
				CLANG_WARN_UNREACHABLE_CODE = YES;
				CLANG_WARN__DUPLICATE_METHOD_MATCH = YES;
				CODE_SIGN_IDENTITY = "iPhone Developer";
				COPY_PHASE_STRIP = NO;
				DEBUG_INFORMATION_FORMAT = dwarf;
				ENABLE_STRICT_OBJC_MSGSEND = YES;
				ENABLE_TESTABILITY = YES;
				GCC_C_LANGUAGE_STANDARD = gnu11;
				GCC_DYNAMIC_NO_PIC = NO;
				GCC_NO_COMMON_BLOCKS = YES;
				GCC_OPTIMIZATION_LEVEL = 0;
				GCC_PREPROCESSOR_DEFINITIONS = (
					"DEBUG=1",
					"$(inherited)",
				);
				GCC_WARN_64_TO_32_BIT_CONVERSION = YES;
				GCC_WARN_ABOUT_RETURN_TYPE = YES_ERROR;
				GCC_WARN_UNDECLARED_SELECTOR = YES;
				GCC_WARN_UNINITIALIZED_AUTOS = YES_AGGRESSIVE;
				GCC_WARN_UNUSED_FUNCTION = YES;
				GCC_WARN_UNUSED_VARIABLE = YES;
				IPHONEOS_DEPLOYMENT_TARGET = 11.0;
				MTL_ENABLE_DEBUG_INFO = YES;
				ONLY_ACTIVE_ARCH = YES;
				SDKROOT = iphoneos;
				SWIFT_ACTIVE_COMPILATION_CONDITIONS = DEBUG;
				SWIFT_OPTIMIZATION_LEVEL = "-Onone";
			};
			name = Debug;
		};
		BDD184CD201F9ABD006EBAB9 /* Release */ = {
			isa = XCBuildConfiguration;
			buildSettings = {
				ALWAYS_SEARCH_USER_PATHS = NO;
				CLANG_ANALYZER_NONNULL = YES;
				CLANG_ANALYZER_NUMBER_OBJECT_CONVERSION = YES_AGGRESSIVE;
				CLANG_CXX_LANGUAGE_STANDARD = "gnu++14";
				CLANG_CXX_LIBRARY = "libc++";
				CLANG_ENABLE_MODULES = YES;
				CLANG_ENABLE_OBJC_ARC = YES;
				CLANG_WARN_BLOCK_CAPTURE_AUTORELEASING = YES;
				CLANG_WARN_BOOL_CONVERSION = YES;
				CLANG_WARN_COMMA = YES;
				CLANG_WARN_CONSTANT_CONVERSION = YES;
				CLANG_WARN_DIRECT_OBJC_ISA_USAGE = YES_ERROR;
				CLANG_WARN_DOCUMENTATION_COMMENTS = YES;
				CLANG_WARN_EMPTY_BODY = YES;
				CLANG_WARN_ENUM_CONVERSION = YES;
				CLANG_WARN_INFINITE_RECURSION = YES;
				CLANG_WARN_INT_CONVERSION = YES;
				CLANG_WARN_NON_LITERAL_NULL_CONVERSION = YES;
				CLANG_WARN_OBJC_LITERAL_CONVERSION = YES;
				CLANG_WARN_OBJC_ROOT_CLASS = YES_ERROR;
				CLANG_WARN_RANGE_LOOP_ANALYSIS = YES;
				CLANG_WARN_STRICT_PROTOTYPES = YES;
				CLANG_WARN_SUSPICIOUS_MOVE = YES;
				CLANG_WARN_UNGUARDED_AVAILABILITY = YES_AGGRESSIVE;
				CLANG_WARN_UNREACHABLE_CODE = YES;
				CLANG_WARN__DUPLICATE_METHOD_MATCH = YES;
				CODE_SIGN_IDENTITY = "iPhone Developer";
				COPY_PHASE_STRIP = NO;
				DEBUG_INFORMATION_FORMAT = "dwarf-with-dsym";
				ENABLE_NS_ASSERTIONS = NO;
				ENABLE_STRICT_OBJC_MSGSEND = YES;
				GCC_C_LANGUAGE_STANDARD = gnu11;
				GCC_NO_COMMON_BLOCKS = YES;
				GCC_WARN_64_TO_32_BIT_CONVERSION = YES;
				GCC_WARN_ABOUT_RETURN_TYPE = YES_ERROR;
				GCC_WARN_UNDECLARED_SELECTOR = YES;
				GCC_WARN_UNINITIALIZED_AUTOS = YES_AGGRESSIVE;
				GCC_WARN_UNUSED_FUNCTION = YES;
				GCC_WARN_UNUSED_VARIABLE = YES;
				IPHONEOS_DEPLOYMENT_TARGET = 11.0;
				MTL_ENABLE_DEBUG_INFO = NO;
				SDKROOT = iphoneos;
				SWIFT_OPTIMIZATION_LEVEL = "-Owholemodule";
				VALIDATE_PRODUCT = YES;
			};
			name = Release;
		};
		BDD184CF201F9ABD006EBAB9 /* Debug */ = {
			isa = XCBuildConfiguration;
			baseConfigurationReference = 018E49D3A5B90AA814EA38F8 /* Pods-Insight.debug.xcconfig */;
			buildSettings = {
				ASSETCATALOG_COMPILER_APPICON_NAME = AppIcon;
				CLANG_ENABLE_MODULES = YES;
				CODE_SIGN_ENTITLEMENTS = Insight/Insight.entitlements;
				"CODE_SIGN_IDENTITY[sdk=iphoneos*]" = "iPhone Developer";
				CODE_SIGN_STYLE = Automatic;
				DEVELOPMENT_TEAM = WHZTV622V5;
				INFOPLIST_FILE = Insight/Info.plist;
				IPHONEOS_DEPLOYMENT_TARGET = 10.0;
				LD_RUNPATH_SEARCH_PATHS = "$(inherited) @executable_path/Frameworks";
				PRODUCT_BUNDLE_IDENTIFIER = com.Clueapps.Insight;
				PRODUCT_NAME = "$(TARGET_NAME)";
				PROVISIONING_PROFILE_SPECIFIER = "";
				SWIFT_OBJC_BRIDGING_HEADER = "Insight/Common/Insight-Bridging-Header.h";
				SWIFT_OPTIMIZATION_LEVEL = "-Onone";
				SWIFT_VERSION = 4.0;
				TARGETED_DEVICE_FAMILY = "1,2";
			};
			name = Debug;
		};
		BDD184D0201F9ABD006EBAB9 /* Release */ = {
			isa = XCBuildConfiguration;
			baseConfigurationReference = 26A23FCDB9BC4A55412DA1D2 /* Pods-Insight.release.xcconfig */;
			buildSettings = {
				ASSETCATALOG_COMPILER_APPICON_NAME = AppIcon;
				CLANG_ENABLE_MODULES = YES;
				CODE_SIGN_ENTITLEMENTS = Insight/Insight.entitlements;
				"CODE_SIGN_IDENTITY[sdk=iphoneos*]" = "iPhone Developer";
				CODE_SIGN_STYLE = Automatic;
				DEVELOPMENT_TEAM = WHZTV622V5;
				INFOPLIST_FILE = Insight/Info.plist;
				IPHONEOS_DEPLOYMENT_TARGET = 10.0;
				LD_RUNPATH_SEARCH_PATHS = "$(inherited) @executable_path/Frameworks";
				PRODUCT_BUNDLE_IDENTIFIER = com.Clueapps.Insight;
				PRODUCT_NAME = "$(TARGET_NAME)";
				PROVISIONING_PROFILE_SPECIFIER = "";
				SWIFT_OBJC_BRIDGING_HEADER = "Insight/Common/Insight-Bridging-Header.h";
				SWIFT_VERSION = 4.0;
				TARGETED_DEVICE_FAMILY = "1,2";
			};
			name = Release;
		};
/* End XCBuildConfiguration section */

/* Begin XCConfigurationList section */
		BDD184B7201F9ABD006EBAB9 /* Build configuration list for PBXProject "Insight" */ = {
			isa = XCConfigurationList;
			buildConfigurations = (
				BDD184CC201F9ABD006EBAB9 /* Debug */,
				BDD184CD201F9ABD006EBAB9 /* Release */,
			);
			defaultConfigurationIsVisible = 0;
			defaultConfigurationName = Release;
		};
		BDD184CE201F9ABD006EBAB9 /* Build configuration list for PBXNativeTarget "Insight" */ = {
			isa = XCConfigurationList;
			buildConfigurations = (
				BDD184CF201F9ABD006EBAB9 /* Debug */,
				BDD184D0201F9ABD006EBAB9 /* Release */,
			);
			defaultConfigurationIsVisible = 0;
			defaultConfigurationName = Release;
		};
/* End XCConfigurationList section */
	};
	rootObject = BDD184B4201F9ABD006EBAB9 /* Project object */;
}
