// !$*UTF8*$!
{
	archiveVersion = 1;
	classes = {
	};
	objectVersion = 48;
	objects = {

/* Begin PBXBuildFile section */
		37CF4B43B70845F6FFD7E7DB /* Pods_Insight.framework in Frameworks */ = {isa = PBXBuildFile; fileRef = A6BB51FC6CCE498E490B9F12 /* Pods_Insight.framework */; };
		BD1478B8202330E00090A481 /* QuestionData.swift in Sources */ = {isa = PBXBuildFile; fileRef = BD1478B3202330DF0090A481 /* QuestionData.swift */; };
		BD1478B9202330E00090A481 /* Question.swift in Sources */ = {isa = PBXBuildFile; fileRef = BD1478B4202330E00090A481 /* Question.swift */; };
		BD1478BA202330E00090A481 /* SubCategory.swift in Sources */ = {isa = PBXBuildFile; fileRef = BD1478B5202330E00090A481 /* SubCategory.swift */; };
		BD1478BB202330E00090A481 /* SubSubCategory.swift in Sources */ = {isa = PBXBuildFile; fileRef = BD1478B6202330E00090A481 /* SubSubCategory.swift */; };
		BD1478BC202330E00090A481 /* InsightContentRootClass.swift in Sources */ = {isa = PBXBuildFile; fileRef = BD1478B7202330E00090A481 /* InsightContentRootClass.swift */; };
		BD1B1EA92020F17E0000D813 /* SignUpViewController.swift in Sources */ = {isa = PBXBuildFile; fileRef = BD1B1EA82020F17E0000D813 /* SignUpViewController.swift */; };
		BD1B1EAB2020F5EF0000D813 /* ServerManager.swift in Sources */ = {isa = PBXBuildFile; fileRef = BD1B1EAA2020F5EF0000D813 /* ServerManager.swift */; };
		BD1B1EAD2020F6090000D813 /* AppConstants.swift in Sources */ = {isa = PBXBuildFile; fileRef = BD1B1EAC2020F6090000D813 /* AppConstants.swift */; };
		BD1B1EAF2020F6120000D813 /* ActivityLoaderHelper.swift in Sources */ = {isa = PBXBuildFile; fileRef = BD1B1EAE2020F6120000D813 /* ActivityLoaderHelper.swift */; };
		BD1B1EB12020F61C0000D813 /* Extensions.swift in Sources */ = {isa = PBXBuildFile; fileRef = BD1B1EB02020F61C0000D813 /* Extensions.swift */; };
		BD1B1EB52020F6F80000D813 /* GeneralMethods.swift in Sources */ = {isa = PBXBuildFile; fileRef = BD1B1EB42020F6F80000D813 /* GeneralMethods.swift */; };
		BD1B1EBA2020F7CE0000D813 /* AuthRootClass.swift in Sources */ = {isa = PBXBuildFile; fileRef = BD1B1EB82020F7CE0000D813 /* AuthRootClass.swift */; };
		BD1B1EBB2020F7CE0000D813 /* User.swift in Sources */ = {isa = PBXBuildFile; fileRef = BD1B1EB92020F7CE0000D813 /* User.swift */; };
		BD1B1EBD2020FC280000D813 /* UserModel.swift in Sources */ = {isa = PBXBuildFile; fileRef = BD1B1EB62020F7180000D813 /* UserModel.swift */; };
		BD1B1EBF202113A60000D813 /* ForgetPasswordViewController.swift in Sources */ = {isa = PBXBuildFile; fileRef = BD1B1EBE202113A60000D813 /* ForgetPasswordViewController.swift */; };
		BD1B1EC220212F560000D813 /* Home.storyboard in Resources */ = {isa = PBXBuildFile; fileRef = BD1B1EC120212F560000D813 /* Home.storyboard */; };
		BD1B1ECF202134930000D813 /* SideMenuViewController.swift in Sources */ = {isa = PBXBuildFile; fileRef = BD1B1EC7202131750000D813 /* SideMenuViewController.swift */; };
		BD1B1ED02021349D0000D813 /* InteractionControlller.swift in Sources */ = {isa = PBXBuildFile; fileRef = BD1B1EC9202131750000D813 /* InteractionControlller.swift */; };
		BD1B1ED12021349D0000D813 /* SideMenuAnimationController.swift in Sources */ = {isa = PBXBuildFile; fileRef = BD1B1EC5202131750000D813 /* SideMenuAnimationController.swift */; };
		BD1B1ED22021349D0000D813 /* SideMenuDismissalInteractionController.swift in Sources */ = {isa = PBXBuildFile; fileRef = BD1B1ECA202131750000D813 /* SideMenuDismissalInteractionController.swift */; };
		BD1B1ED32021349D0000D813 /* SideMenuManager.swift in Sources */ = {isa = PBXBuildFile; fileRef = BD1B1ECC202131760000D813 /* SideMenuManager.swift */; };
		BD1B1ED42021349D0000D813 /* SideMenuPresentationInteractionController.swift in Sources */ = {isa = PBXBuildFile; fileRef = BD1B1ECB202131760000D813 /* SideMenuPresentationInteractionController.swift */; };
		BD1B1ED52021349D0000D813 /* SideMenuTableViewCell.swift in Sources */ = {isa = PBXBuildFile; fileRef = BD1B1EC6202131750000D813 /* SideMenuTableViewCell.swift */; };
		BD1B1ED62021349D0000D813 /* Storyboard.swift in Sources */ = {isa = PBXBuildFile; fileRef = BD1B1EC8202131750000D813 /* Storyboard.swift */; };
		BD1B1ED72021349D0000D813 /* StoryboardLoadable.swift in Sources */ = {isa = PBXBuildFile; fileRef = BD1B1ECD202131760000D813 /* StoryboardLoadable.swift */; };
		BD1B1EDA202135720000D813 /* HomeViewController.swift in Sources */ = {isa = PBXBuildFile; fileRef = BD1B1ED9202135720000D813 /* HomeViewController.swift */; };
		BD1B1EDB2021389F0000D813 /* SideMenuViewController.storyboard in Resources */ = {isa = PBXBuildFile; fileRef = BD1B1ECE2021319C0000D813 /* SideMenuViewController.storyboard */; };
		BD1FF8412023CB4E00FC74C2 /* SubClass.swift in Sources */ = {isa = PBXBuildFile; fileRef = BD1FF8402023CB4E00FC74C2 /* SubClass.swift */; };
		BD1FF8442023CFBA00FC74C2 /* AntonymQViewController.swift in Sources */ = {isa = PBXBuildFile; fileRef = BD1FF8432023CFBA00FC74C2 /* AntonymQViewController.swift */; };
		BD1FF8462023EBC900FC74C2 /* QuestionsContainerViewController.swift in Sources */ = {isa = PBXBuildFile; fileRef = BD1FF8452023EBC900FC74C2 /* QuestionsContainerViewController.swift */; };
		BD27EEDE201FF02D007872E0 /* SignInViewController.swift in Sources */ = {isa = PBXBuildFile; fileRef = BD27EEDD201FF02D007872E0 /* SignInViewController.swift */; };
		BD27EEE0201FF353007872E0 /* LaunchScreen.storyboard in Resources */ = {isa = PBXBuildFile; fileRef = BD27EEDF201FF353007872E0 /* LaunchScreen.storyboard */; };
		BD39AD412027447F00DC03B3 /* QuestionCompleteViewController.swift in Sources */ = {isa = PBXBuildFile; fileRef = BD39AD402027447F00DC03B3 /* QuestionCompleteViewController.swift */; };
		BD39AD432027449A00DC03B3 /* QuestionCompleteTableViewCell.swift in Sources */ = {isa = PBXBuildFile; fileRef = BD39AD422027449A00DC03B3 /* QuestionCompleteTableViewCell.swift */; };
		BD39AD4520275A7000DC03B3 /* QuestionAntonymTableViewCell.swift in Sources */ = {isa = PBXBuildFile; fileRef = BD39AD4420275A7000DC03B3 /* QuestionAntonymTableViewCell.swift */; };
		BD3DA3FD202AF66A00CCB7B0 /* MiniDialogViewController.swift in Sources */ = {isa = PBXBuildFile; fileRef = BD3DA3FC202AF66A00CCB7B0 /* MiniDialogViewController.swift */; };
		BD3DA3FF202AFBEE00CCB7B0 /* MiniDialogTableViewCell.swift in Sources */ = {isa = PBXBuildFile; fileRef = BD3DA3FE202AFBEE00CCB7B0 /* MiniDialogTableViewCell.swift */; };
		BD3DA401202B009500CCB7B0 /* Mistake.swift in Sources */ = {isa = PBXBuildFile; fileRef = BD3DA400202B009500CCB7B0 /* Mistake.swift */; };
		BD47F1CE202353E900ABEBF5 /* Enumerations.swift in Sources */ = {isa = PBXBuildFile; fileRef = BD47F1CD202353E900ABEBF5 /* Enumerations.swift */; };
		BD47F1D02023762900ABEBF5 /* SubSubCategoryViewController.swift in Sources */ = {isa = PBXBuildFile; fileRef = BD47F1CF2023762900ABEBF5 /* SubSubCategoryViewController.swift */; };
		BD628E892028A6160007BEE4 /* QuestionMatchViewController.swift in Sources */ = {isa = PBXBuildFile; fileRef = BD628E882028A6160007BEE4 /* QuestionMatchViewController.swift */; };
		BD628E8B2028A62B0007BEE4 /* QuestionMatchTableViewCell.swift in Sources */ = {isa = PBXBuildFile; fileRef = BD628E8A2028A62B0007BEE4 /* QuestionMatchTableViewCell.swift */; };
		BD96771D202346950078B0A3 /* SubSubCategoryTableViewCell.swift in Sources */ = {isa = PBXBuildFile; fileRef = BD96771C202346950078B0A3 /* SubSubCategoryTableViewCell.swift */; };
		BD96771F2023478B0078B0A3 /* SubCategoryViewController.swift in Sources */ = {isa = PBXBuildFile; fileRef = BD96771E2023478B0078B0A3 /* SubCategoryViewController.swift */; };
		BD96772120234A5C0078B0A3 /* SubCategoryTableViewCell.swift in Sources */ = {isa = PBXBuildFile; fileRef = BD96772020234A5C0078B0A3 /* SubCategoryTableViewCell.swift */; };
		BD9A4B5B202767F200DCCAE6 /* QuestionDictationTableViewCell.swift in Sources */ = {isa = PBXBuildFile; fileRef = BD9A4B5A202767F200DCCAE6 /* QuestionDictationTableViewCell.swift */; };
		BD9A4B5E2027682100DCCAE6 /* QuestionDictationViewController.swift in Sources */ = {isa = PBXBuildFile; fileRef = BD9A4B5D2027682100DCCAE6 /* QuestionDictationViewController.swift */; };
		BD9A4B61202775B800DCCAE6 /* QuestionListeningViewController.swift in Sources */ = {isa = PBXBuildFile; fileRef = BD9A4B60202775B800DCCAE6 /* QuestionListeningViewController.swift */; };
		BD9A4B63202775D200DCCAE6 /* QuestionListeningTableViewCell.swift in Sources */ = {isa = PBXBuildFile; fileRef = BD9A4B62202775D200DCCAE6 /* QuestionListeningTableViewCell.swift */; };
		BDB6248C2028C2C20007B261 /* Choice.swift in Sources */ = {isa = PBXBuildFile; fileRef = BDB6248B2028C2C20007B261 /* Choice.swift */; };
		BDB6248F2028CA220007B261 /* QuestionMcqViewController.swift in Sources */ = {isa = PBXBuildFile; fileRef = BDB6248E2028CA220007B261 /* QuestionMcqViewController.swift */; };
		BDB624912028CA410007B261 /* QuestionMcqTableViewCell.swift in Sources */ = {isa = PBXBuildFile; fileRef = BDB624902028CA410007B261 /* QuestionMcqTableViewCell.swift */; };
		BDB624932028CB0E0007B261 /* McqChoiceTableViewCell.swift in Sources */ = {isa = PBXBuildFile; fileRef = BDB624922028CB0E0007B261 /* McqChoiceTableViewCell.swift */; };
		BDD184C0201F9ABD006EBAB9 /* AppDelegate.swift in Sources */ = {isa = PBXBuildFile; fileRef = BDD184BF201F9ABD006EBAB9 /* AppDelegate.swift */; };
		BDD184C7201F9ABD006EBAB9 /* Assets.xcassets in Resources */ = {isa = PBXBuildFile; fileRef = BDD184C6201F9ABD006EBAB9 /* Assets.xcassets */; };
		BDD184D8201F9BAE006EBAB9 /* Land.storyboard in Resources */ = {isa = PBXBuildFile; fileRef = BDD184D7201F9BAE006EBAB9 /* Land.storyboard */; };
		BDD184DB201F9BE2006EBAB9 /* LandViewController.swift in Sources */ = {isa = PBXBuildFile; fileRef = BDD184DA201F9BE2006EBAB9 /* LandViewController.swift */; };
		BDD184E0201FA0CE006EBAB9 /* Authentication.storyboard in Resources */ = {isa = PBXBuildFile; fileRef = BDD184DF201FA0CE006EBAB9 /* Authentication.storyboard */; };
		BDD184E2201FA0E1006EBAB9 /* AuthenticationViewController.swift in Sources */ = {isa = PBXBuildFile; fileRef = BDD184E1201FA0E1006EBAB9 /* AuthenticationViewController.swift */; };
/* End PBXBuildFile section */

/* Begin PBXFileReference section */
		018E49D3A5B90AA814EA38F8 /* Pods-Insight.debug.xcconfig */ = {isa = PBXFileReference; includeInIndex = 1; lastKnownFileType = text.xcconfig; name = "Pods-Insight.debug.xcconfig"; path = "Pods/Target Support Files/Pods-Insight/Pods-Insight.debug.xcconfig"; sourceTree = "<group>"; };
		26A23FCDB9BC4A55412DA1D2 /* Pods-Insight.release.xcconfig */ = {isa = PBXFileReference; includeInIndex = 1; lastKnownFileType = text.xcconfig; name = "Pods-Insight.release.xcconfig"; path = "Pods/Target Support Files/Pods-Insight/Pods-Insight.release.xcconfig"; sourceTree = "<group>"; };
		A6BB51FC6CCE498E490B9F12 /* Pods_Insight.framework */ = {isa = PBXFileReference; explicitFileType = wrapper.framework; includeInIndex = 0; path = Pods_Insight.framework; sourceTree = BUILT_PRODUCTS_DIR; };
		BD1478B3202330DF0090A481 /* QuestionData.swift */ = {isa = PBXFileReference; fileEncoding = 4; lastKnownFileType = sourcecode.swift; path = QuestionData.swift; sourceTree = "<group>"; };
		BD1478B4202330E00090A481 /* Question.swift */ = {isa = PBXFileReference; fileEncoding = 4; lastKnownFileType = sourcecode.swift; path = Question.swift; sourceTree = "<group>"; };
		BD1478B5202330E00090A481 /* SubCategory.swift */ = {isa = PBXFileReference; fileEncoding = 4; lastKnownFileType = sourcecode.swift; path = SubCategory.swift; sourceTree = "<group>"; };
		BD1478B6202330E00090A481 /* SubSubCategory.swift */ = {isa = PBXFileReference; fileEncoding = 4; lastKnownFileType = sourcecode.swift; path = SubSubCategory.swift; sourceTree = "<group>"; };
		BD1478B7202330E00090A481 /* InsightContentRootClass.swift */ = {isa = PBXFileReference; fileEncoding = 4; lastKnownFileType = sourcecode.swift; path = InsightContentRootClass.swift; sourceTree = "<group>"; };
		BD1B1EA42020ED700000D813 /* MavenPro-Bold.ttf */ = {isa = PBXFileReference; lastKnownFileType = file; path = "MavenPro-Bold.ttf"; sourceTree = "<group>"; };
		BD1B1EA52020ED700000D813 /* MavenPro-Medium.ttf */ = {isa = PBXFileReference; lastKnownFileType = file; path = "MavenPro-Medium.ttf"; sourceTree = "<group>"; };
		BD1B1EA62020ED710000D813 /* MavenPro-Black.ttf */ = {isa = PBXFileReference; lastKnownFileType = file; path = "MavenPro-Black.ttf"; sourceTree = "<group>"; };
		BD1B1EA72020ED720000D813 /* MavenPro-Regular.ttf */ = {isa = PBXFileReference; lastKnownFileType = file; path = "MavenPro-Regular.ttf"; sourceTree = "<group>"; };
		BD1B1EA82020F17E0000D813 /* SignUpViewController.swift */ = {isa = PBXFileReference; lastKnownFileType = sourcecode.swift; path = SignUpViewController.swift; sourceTree = "<group>"; };
		BD1B1EAA2020F5EF0000D813 /* ServerManager.swift */ = {isa = PBXFileReference; lastKnownFileType = sourcecode.swift; path = ServerManager.swift; sourceTree = "<group>"; };
		BD1B1EAC2020F6090000D813 /* AppConstants.swift */ = {isa = PBXFileReference; lastKnownFileType = sourcecode.swift; path = AppConstants.swift; sourceTree = "<group>"; };
		BD1B1EAE2020F6120000D813 /* ActivityLoaderHelper.swift */ = {isa = PBXFileReference; lastKnownFileType = sourcecode.swift; path = ActivityLoaderHelper.swift; sourceTree = "<group>"; };
		BD1B1EB02020F61C0000D813 /* Extensions.swift */ = {isa = PBXFileReference; lastKnownFileType = sourcecode.swift; path = Extensions.swift; sourceTree = "<group>"; };
		BD1B1EB42020F6F80000D813 /* GeneralMethods.swift */ = {isa = PBXFileReference; lastKnownFileType = sourcecode.swift; path = GeneralMethods.swift; sourceTree = "<group>"; };
		BD1B1EB62020F7180000D813 /* UserModel.swift */ = {isa = PBXFileReference; lastKnownFileType = sourcecode.swift; path = UserModel.swift; sourceTree = "<group>"; };
		BD1B1EB82020F7CE0000D813 /* AuthRootClass.swift */ = {isa = PBXFileReference; fileEncoding = 4; lastKnownFileType = sourcecode.swift; path = AuthRootClass.swift; sourceTree = "<group>"; };
		BD1B1EB92020F7CE0000D813 /* User.swift */ = {isa = PBXFileReference; fileEncoding = 4; lastKnownFileType = sourcecode.swift; path = User.swift; sourceTree = "<group>"; };
		BD1B1EBE202113A60000D813 /* ForgetPasswordViewController.swift */ = {isa = PBXFileReference; lastKnownFileType = sourcecode.swift; path = ForgetPasswordViewController.swift; sourceTree = "<group>"; };
		BD1B1EC120212F560000D813 /* Home.storyboard */ = {isa = PBXFileReference; lastKnownFileType = file.storyboard; path = Home.storyboard; sourceTree = "<group>"; };
		BD1B1EC5202131750000D813 /* SideMenuAnimationController.swift */ = {isa = PBXFileReference; lastKnownFileType = sourcecode.swift; path = SideMenuAnimationController.swift; sourceTree = "<group>"; };
		BD1B1EC6202131750000D813 /* SideMenuTableViewCell.swift */ = {isa = PBXFileReference; lastKnownFileType = sourcecode.swift; path = SideMenuTableViewCell.swift; sourceTree = "<group>"; };
		BD1B1EC7202131750000D813 /* SideMenuViewController.swift */ = {isa = PBXFileReference; lastKnownFileType = sourcecode.swift; path = SideMenuViewController.swift; sourceTree = "<group>"; };
		BD1B1EC8202131750000D813 /* Storyboard.swift */ = {isa = PBXFileReference; lastKnownFileType = sourcecode.swift; path = Storyboard.swift; sourceTree = "<group>"; };
		BD1B1EC9202131750000D813 /* InteractionControlller.swift */ = {isa = PBXFileReference; lastKnownFileType = sourcecode.swift; path = InteractionControlller.swift; sourceTree = "<group>"; };
		BD1B1ECA202131750000D813 /* SideMenuDismissalInteractionController.swift */ = {isa = PBXFileReference; lastKnownFileType = sourcecode.swift; path = SideMenuDismissalInteractionController.swift; sourceTree = "<group>"; };
		BD1B1ECB202131760000D813 /* SideMenuPresentationInteractionController.swift */ = {isa = PBXFileReference; lastKnownFileType = sourcecode.swift; path = SideMenuPresentationInteractionController.swift; sourceTree = "<group>"; };
		BD1B1ECC202131760000D813 /* SideMenuManager.swift */ = {isa = PBXFileReference; lastKnownFileType = sourcecode.swift; path = SideMenuManager.swift; sourceTree = "<group>"; };
		BD1B1ECD202131760000D813 /* StoryboardLoadable.swift */ = {isa = PBXFileReference; lastKnownFileType = sourcecode.swift; path = StoryboardLoadable.swift; sourceTree = "<group>"; };
		BD1B1ECE2021319C0000D813 /* SideMenuViewController.storyboard */ = {isa = PBXFileReference; lastKnownFileType = file.storyboard; path = SideMenuViewController.storyboard; sourceTree = "<group>"; };
		BD1B1ED9202135720000D813 /* HomeViewController.swift */ = {isa = PBXFileReference; lastKnownFileType = sourcecode.swift; path = HomeViewController.swift; sourceTree = "<group>"; };
		BD1FF8402023CB4E00FC74C2 /* SubClass.swift */ = {isa = PBXFileReference; lastKnownFileType = sourcecode.swift; path = SubClass.swift; sourceTree = "<group>"; };
		BD1FF8432023CFBA00FC74C2 /* AntonymQViewController.swift */ = {isa = PBXFileReference; lastKnownFileType = sourcecode.swift; path = AntonymQViewController.swift; sourceTree = "<group>"; };
		BD1FF8452023EBC900FC74C2 /* QuestionsContainerViewController.swift */ = {isa = PBXFileReference; lastKnownFileType = sourcecode.swift; path = QuestionsContainerViewController.swift; sourceTree = "<group>"; };
		BD27EEDD201FF02D007872E0 /* SignInViewController.swift */ = {isa = PBXFileReference; lastKnownFileType = sourcecode.swift; path = SignInViewController.swift; sourceTree = "<group>"; };
		BD27EEDF201FF353007872E0 /* LaunchScreen.storyboard */ = {isa = PBXFileReference; lastKnownFileType = file.storyboard; path = LaunchScreen.storyboard; sourceTree = "<group>"; };
		BD39AD402027447F00DC03B3 /* QuestionCompleteViewController.swift */ = {isa = PBXFileReference; lastKnownFileType = sourcecode.swift; path = QuestionCompleteViewController.swift; sourceTree = "<group>"; };
		BD39AD422027449A00DC03B3 /* QuestionCompleteTableViewCell.swift */ = {isa = PBXFileReference; lastKnownFileType = sourcecode.swift; path = QuestionCompleteTableViewCell.swift; sourceTree = "<group>"; };
		BD39AD4420275A7000DC03B3 /* QuestionAntonymTableViewCell.swift */ = {isa = PBXFileReference; lastKnownFileType = sourcecode.swift; path = QuestionAntonymTableViewCell.swift; sourceTree = "<group>"; };
		BD3DA3FC202AF66A00CCB7B0 /* MiniDialogViewController.swift */ = {isa = PBXFileReference; lastKnownFileType = sourcecode.swift; path = MiniDialogViewController.swift; sourceTree = "<group>"; };
		BD3DA3FE202AFBEE00CCB7B0 /* MiniDialogTableViewCell.swift */ = {isa = PBXFileReference; lastKnownFileType = sourcecode.swift; path = MiniDialogTableViewCell.swift; sourceTree = "<group>"; };
		BD3DA400202B009500CCB7B0 /* Mistake.swift */ = {isa = PBXFileReference; fileEncoding = 4; lastKnownFileType = sourcecode.swift; path = Mistake.swift; sourceTree = "<group>"; };
		BD47F1CD202353E900ABEBF5 /* Enumerations.swift */ = {isa = PBXFileReference; lastKnownFileType = sourcecode.swift; path = Enumerations.swift; sourceTree = "<group>"; };
		BD47F1CF2023762900ABEBF5 /* SubSubCategoryViewController.swift */ = {isa = PBXFileReference; lastKnownFileType = sourcecode.swift; path = SubSubCategoryViewController.swift; sourceTree = "<group>"; };
		BD628E882028A6160007BEE4 /* QuestionMatchViewController.swift */ = {isa = PBXFileReference; lastKnownFileType = sourcecode.swift; path = QuestionMatchViewController.swift; sourceTree = "<group>"; };
		BD628E8A2028A62B0007BEE4 /* QuestionMatchTableViewCell.swift */ = {isa = PBXFileReference; lastKnownFileType = sourcecode.swift; path = QuestionMatchTableViewCell.swift; sourceTree = "<group>"; };
		BD96771C202346950078B0A3 /* SubSubCategoryTableViewCell.swift */ = {isa = PBXFileReference; lastKnownFileType = sourcecode.swift; path = SubSubCategoryTableViewCell.swift; sourceTree = "<group>"; };
		BD96771E2023478B0078B0A3 /* SubCategoryViewController.swift */ = {isa = PBXFileReference; lastKnownFileType = sourcecode.swift; path = SubCategoryViewController.swift; sourceTree = "<group>"; };
		BD96772020234A5C0078B0A3 /* SubCategoryTableViewCell.swift */ = {isa = PBXFileReference; lastKnownFileType = sourcecode.swift; path = SubCategoryTableViewCell.swift; sourceTree = "<group>"; };
		BD9A4B5A202767F200DCCAE6 /* QuestionDictationTableViewCell.swift */ = {isa = PBXFileReference; lastKnownFileType = sourcecode.swift; path = QuestionDictationTableViewCell.swift; sourceTree = "<group>"; };
		BD9A4B5D2027682100DCCAE6 /* QuestionDictationViewController.swift */ = {isa = PBXFileReference; lastKnownFileType = sourcecode.swift; path = QuestionDictationViewController.swift; sourceTree = "<group>"; };
		BD9A4B60202775B800DCCAE6 /* QuestionListeningViewController.swift */ = {isa = PBXFileReference; lastKnownFileType = sourcecode.swift; path = QuestionListeningViewController.swift; sourceTree = "<group>"; };
		BD9A4B62202775D200DCCAE6 /* QuestionListeningTableViewCell.swift */ = {isa = PBXFileReference; lastKnownFileType = sourcecode.swift; path = QuestionListeningTableViewCell.swift; sourceTree = "<group>"; };
		BDB6248B2028C2C20007B261 /* Choice.swift */ = {isa = PBXFileReference; fileEncoding = 4; lastKnownFileType = sourcecode.swift; path = Choice.swift; sourceTree = "<group>"; };
		BDB6248E2028CA220007B261 /* QuestionMcqViewController.swift */ = {isa = PBXFileReference; lastKnownFileType = sourcecode.swift; path = QuestionMcqViewController.swift; sourceTree = "<group>"; };
		BDB624902028CA410007B261 /* QuestionMcqTableViewCell.swift */ = {isa = PBXFileReference; lastKnownFileType = sourcecode.swift; path = QuestionMcqTableViewCell.swift; sourceTree = "<group>"; };
		BDB624922028CB0E0007B261 /* McqChoiceTableViewCell.swift */ = {isa = PBXFileReference; lastKnownFileType = sourcecode.swift; path = McqChoiceTableViewCell.swift; sourceTree = "<group>"; };
		BDD184BC201F9ABD006EBAB9 /* Insight.app */ = {isa = PBXFileReference; explicitFileType = wrapper.application; includeInIndex = 0; path = Insight.app; sourceTree = BUILT_PRODUCTS_DIR; };
		BDD184BF201F9ABD006EBAB9 /* AppDelegate.swift */ = {isa = PBXFileReference; lastKnownFileType = sourcecode.swift; path = AppDelegate.swift; sourceTree = "<group>"; };
		BDD184C6201F9ABD006EBAB9 /* Assets.xcassets */ = {isa = PBXFileReference; lastKnownFileType = folder.assetcatalog; path = Assets.xcassets; sourceTree = "<group>"; };
		BDD184CB201F9ABD006EBAB9 /* Info.plist */ = {isa = PBXFileReference; lastKnownFileType = text.plist.xml; path = Info.plist; sourceTree = "<group>"; };
		BDD184D7201F9BAE006EBAB9 /* Land.storyboard */ = {isa = PBXFileReference; lastKnownFileType = file.storyboard; path = Land.storyboard; sourceTree = "<group>"; };
		BDD184DA201F9BE2006EBAB9 /* LandViewController.swift */ = {isa = PBXFileReference; lastKnownFileType = sourcecode.swift; path = LandViewController.swift; sourceTree = "<group>"; };
		BDD184DF201FA0CE006EBAB9 /* Authentication.storyboard */ = {isa = PBXFileReference; lastKnownFileType = file.storyboard; path = Authentication.storyboard; sourceTree = "<group>"; };
		BDD184E1201FA0E1006EBAB9 /* AuthenticationViewController.swift */ = {isa = PBXFileReference; lastKnownFileType = sourcecode.swift; path = AuthenticationViewController.swift; sourceTree = "<group>"; };
/* End PBXFileReference section */

/* Begin PBXFrameworksBuildPhase section */
		BDD184B9201F9ABD006EBAB9 /* Frameworks */ = {
			isa = PBXFrameworksBuildPhase;
			buildActionMask = 2147483647;
			files = (
				37CF4B43B70845F6FFD7E7DB /* Pods_Insight.framework in Frameworks */,
			);
			runOnlyForDeploymentPostprocessing = 0;
		};
/* End PBXFrameworksBuildPhase section */

/* Begin PBXGroup section */
		6E127467F5F5AA8AD44105FD /* Pods */ = {
			isa = PBXGroup;
			children = (
				018E49D3A5B90AA814EA38F8 /* Pods-Insight.debug.xcconfig */,
				26A23FCDB9BC4A55412DA1D2 /* Pods-Insight.release.xcconfig */,
			);
			name = Pods;
			sourceTree = "<group>";
		};
		BD1891672027C78200B3AE5A /* Match */ = {
			isa = PBXGroup;
			children = (
				BD628E882028A6160007BEE4 /* QuestionMatchViewController.swift */,
				BD628E8A2028A62B0007BEE4 /* QuestionMatchTableViewCell.swift */,
			);
			path = Match;
			sourceTree = "<group>";
		};
		BD1A0C702022DA850019B3CB /* InsightContent */ = {
			isa = PBXGroup;
			children = (
				BD3DA400202B009500CCB7B0 /* Mistake.swift */,
				BDB6248B2028C2C20007B261 /* Choice.swift */,
				BD1478B3202330DF0090A481 /* QuestionData.swift */,
				BD1478B7202330E00090A481 /* InsightContentRootClass.swift */,
				BD1478B4202330E00090A481 /* Question.swift */,
				BD1478B5202330E00090A481 /* SubCategory.swift */,
				BD1478B6202330E00090A481 /* SubSubCategory.swift */,
			);
			path = InsightContent;
			sourceTree = "<group>";
		};
		BD1B1EB72020F7AF0000D813 /* Auth */ = {
			isa = PBXGroup;
			children = (
				BD1B1EB82020F7CE0000D813 /* AuthRootClass.swift */,
				BD1B1EB92020F7CE0000D813 /* User.swift */,
			);
			path = Auth;
			sourceTree = "<group>";
		};
		BD1B1EBC2020F95A0000D813 /* mavenPro Font */ = {
			isa = PBXGroup;
			children = (
				BD1B1EA62020ED710000D813 /* MavenPro-Black.ttf */,
				BD1B1EA42020ED700000D813 /* MavenPro-Bold.ttf */,
				BD1B1EA52020ED700000D813 /* MavenPro-Medium.ttf */,
				BD1B1EA72020ED720000D813 /* MavenPro-Regular.ttf */,
			);
			path = "mavenPro Font";
			sourceTree = "<group>";
		};
		BD1B1EC02021213F0000D813 /* Home */ = {
			isa = PBXGroup;
			children = (
				BD1B1EC120212F560000D813 /* Home.storyboard */,
			);
			path = Home;
			sourceTree = "<group>";
		};
		BD1B1EC3202131340000D813 /* SideMenu */ = {
			isa = PBXGroup;
			children = (
				BD1B1ECE2021319C0000D813 /* SideMenuViewController.storyboard */,
			);
			path = SideMenu;
			sourceTree = "<group>";
		};
		BD1B1EC42021313C0000D813 /* SideMenu */ = {
			isa = PBXGroup;
			children = (
				BD1B1EC9202131750000D813 /* InteractionControlller.swift */,
				BD1B1EC5202131750000D813 /* SideMenuAnimationController.swift */,
				BD1B1ECA202131750000D813 /* SideMenuDismissalInteractionController.swift */,
				BD1B1ECC202131760000D813 /* SideMenuManager.swift */,
				BD1B1ECB202131760000D813 /* SideMenuPresentationInteractionController.swift */,
				BD1B1EC6202131750000D813 /* SideMenuTableViewCell.swift */,
				BD1B1EC7202131750000D813 /* SideMenuViewController.swift */,
				BD1B1EC8202131750000D813 /* Storyboard.swift */,
				BD1B1ECD202131760000D813 /* StoryboardLoadable.swift */,
			);
			path = SideMenu;
			sourceTree = "<group>";
		};
		BD1B1ED82021355F0000D813 /* Home */ = {
			isa = PBXGroup;
			children = (
				BD1FF8422023CF9700FC74C2 /* Questions */,
				BD1B1ED9202135720000D813 /* HomeViewController.swift */,
				BD96771E2023478B0078B0A3 /* SubCategoryViewController.swift */,
				BD96772020234A5C0078B0A3 /* SubCategoryTableViewCell.swift */,
				BD47F1CF2023762900ABEBF5 /* SubSubCategoryViewController.swift */,
				BD96771C202346950078B0A3 /* SubSubCategoryTableViewCell.swift */,
				BD1FF8452023EBC900FC74C2 /* QuestionsContainerViewController.swift */,
			);
			path = Home;
			sourceTree = "<group>";
		};
		BD1FF8422023CF9700FC74C2 /* Questions */ = {
			isa = PBXGroup;
			children = (
				BD3DA3FA202AF64600CCB7B0 /* MiniDialog */,
				BDB6248D2028C3260007B261 /* MCQ */,
				BD1891672027C78200B3AE5A /* Match */,
				BD9A4B5F202775A000DCCAE6 /* Listening */,
				BD9A4B5C2027680700DCCAE6 /* Dictation */,
				BD39AD3F20273EDC00DC03B3 /* Antonym */,
				BD39AD3E20273ED100DC03B3 /* Complete */,
			);
			path = Questions;
			sourceTree = "<group>";
		};
		BD39AD3E20273ED100DC03B3 /* Complete */ = {
			isa = PBXGroup;
			children = (
				BD39AD402027447F00DC03B3 /* QuestionCompleteViewController.swift */,
				BD39AD422027449A00DC03B3 /* QuestionCompleteTableViewCell.swift */,
			);
			path = Complete;
			sourceTree = "<group>";
		};
		BD39AD3F20273EDC00DC03B3 /* Antonym */ = {
			isa = PBXGroup;
			children = (
				BD1FF8432023CFBA00FC74C2 /* AntonymQViewController.swift */,
				BD39AD4420275A7000DC03B3 /* QuestionAntonymTableViewCell.swift */,
			);
			path = Antonym;
			sourceTree = "<group>";
		};
		BD3DA3FA202AF64600CCB7B0 /* MiniDialog */ = {
			isa = PBXGroup;
			children = (
				BD3DA3FC202AF66A00CCB7B0 /* MiniDialogViewController.swift */,
				BD3DA3FE202AFBEE00CCB7B0 /* MiniDialogTableViewCell.swift */,
			);
			path = MiniDialog;
			sourceTree = "<group>";
		};
		BD9A4B5C2027680700DCCAE6 /* Dictation */ = {
			isa = PBXGroup;
			children = (
				BD9A4B5D2027682100DCCAE6 /* QuestionDictationViewController.swift */,
				BD9A4B5A202767F200DCCAE6 /* QuestionDictationTableViewCell.swift */,
			);
			path = Dictation;
			sourceTree = "<group>";
		};
		BD9A4B5F202775A000DCCAE6 /* Listening */ = {
			isa = PBXGroup;
			children = (
				BD9A4B60202775B800DCCAE6 /* QuestionListeningViewController.swift */,
				BD9A4B62202775D200DCCAE6 /* QuestionListeningTableViewCell.swift */,
			);
			path = Listening;
			sourceTree = "<group>";
		};
		BDB6248D2028C3260007B261 /* MCQ */ = {
			isa = PBXGroup;
			children = (
				BDB6248E2028CA220007B261 /* QuestionMcqViewController.swift */,
				BDB624902028CA410007B261 /* QuestionMcqTableViewCell.swift */,
				BDB624922028CB0E0007B261 /* McqChoiceTableViewCell.swift */,
			);
			path = MCQ;
			sourceTree = "<group>";
		};
		BDD184B3201F9ABD006EBAB9 = {
			isa = PBXGroup;
			children = (
				BDD184BE201F9ABD006EBAB9 /* Insight */,
				BDD184BD201F9ABD006EBAB9 /* Products */,
				6E127467F5F5AA8AD44105FD /* Pods */,
				C29C5D27A43A6BF75CD0E3F4 /* Frameworks */,
			);
			sourceTree = "<group>";
		};
		BDD184BD201F9ABD006EBAB9 /* Products */ = {
			isa = PBXGroup;
			children = (
				BDD184BC201F9ABD006EBAB9 /* Insight.app */,
			);
			name = Products;
			sourceTree = "<group>";
		};
		BDD184BE201F9ABD006EBAB9 /* Insight */ = {
			isa = PBXGroup;
			children = (
				BDD184CB201F9ABD006EBAB9 /* Info.plist */,
				BDD184D1201F9ACD006EBAB9 /* Common */,
				BDD184D3201F9AEE006EBAB9 /* Models */,
				BDD184D4201F9AF8006EBAB9 /* Controllers */,
				BDD184D5201F9AFD006EBAB9 /* Views */,
			);
			path = Insight;
			sourceTree = "<group>";
		};
		BDD184D1201F9ACD006EBAB9 /* Common */ = {
			isa = PBXGroup;
			children = (
				BD1B1EBC2020F95A0000D813 /* mavenPro Font */,
				BDD184BF201F9ABD006EBAB9 /* AppDelegate.swift */,
				BDD184C6201F9ABD006EBAB9 /* Assets.xcassets */,
				BD27EEDF201FF353007872E0 /* LaunchScreen.storyboard */,
				BD1B1EAA2020F5EF0000D813 /* ServerManager.swift */,
				BD1B1EAC2020F6090000D813 /* AppConstants.swift */,
				BD1B1EAE2020F6120000D813 /* ActivityLoaderHelper.swift */,
				BD1B1EB02020F61C0000D813 /* Extensions.swift */,
				BD1B1EB42020F6F80000D813 /* GeneralMethods.swift */,
				BD47F1CD202353E900ABEBF5 /* Enumerations.swift */,
				BD1FF8402023CB4E00FC74C2 /* SubClass.swift */,
			);
			path = Common;
			sourceTree = "<group>";
		};
		BDD184D3201F9AEE006EBAB9 /* Models */ = {
			isa = PBXGroup;
			children = (
				BDD184DE201F9CEF006EBAB9 /* Contracts */,
				BD1B1EB62020F7180000D813 /* UserModel.swift */,
			);
			path = Models;
			sourceTree = "<group>";
		};
		BDD184D4201F9AF8006EBAB9 /* Controllers */ = {
			isa = PBXGroup;
			children = (
				BD1B1ED82021355F0000D813 /* Home */,
				BD1B1EC42021313C0000D813 /* SideMenu */,
				BDD184DD201F9CE8006EBAB9 /* User */,
				BDD184D9201F9BB8006EBAB9 /* LandScreen */,
			);
			path = Controllers;
			sourceTree = "<group>";
		};
		BDD184D5201F9AFD006EBAB9 /* Views */ = {
			isa = PBXGroup;
			children = (
				BD1B1EC3202131340000D813 /* SideMenu */,
				BD1B1EC02021213F0000D813 /* Home */,
				BDD184DC201F9CD7006EBAB9 /* User */,
				BDD184D6201F9B8E006EBAB9 /* LandScreen */,
			);
			path = Views;
			sourceTree = "<group>";
		};
		BDD184D6201F9B8E006EBAB9 /* LandScreen */ = {
			isa = PBXGroup;
			children = (
				BDD184D7201F9BAE006EBAB9 /* Land.storyboard */,
			);
			path = LandScreen;
			sourceTree = "<group>";
		};
		BDD184D9201F9BB8006EBAB9 /* LandScreen */ = {
			isa = PBXGroup;
			children = (
				BDD184DA201F9BE2006EBAB9 /* LandViewController.swift */,
			);
			path = LandScreen;
			sourceTree = "<group>";
		};
		BDD184DC201F9CD7006EBAB9 /* User */ = {
			isa = PBXGroup;
			children = (
				BDD184DF201FA0CE006EBAB9 /* Authentication.storyboard */,
			);
			path = User;
			sourceTree = "<group>";
		};
		BDD184DD201F9CE8006EBAB9 /* User */ = {
			isa = PBXGroup;
			children = (
				BDD184E1201FA0E1006EBAB9 /* AuthenticationViewController.swift */,
				BD27EEDD201FF02D007872E0 /* SignInViewController.swift */,
				BD1B1EA82020F17E0000D813 /* SignUpViewController.swift */,
				BD1B1EBE202113A60000D813 /* ForgetPasswordViewController.swift */,
			);
			path = User;
			sourceTree = "<group>";
		};
		BDD184DE201F9CEF006EBAB9 /* Contracts */ = {
			isa = PBXGroup;
			children = (
				BD1A0C702022DA850019B3CB /* InsightContent */,
				BD1B1EB72020F7AF0000D813 /* Auth */,
			);
			path = Contracts;
			sourceTree = "<group>";
		};
		C29C5D27A43A6BF75CD0E3F4 /* Frameworks */ = {
			isa = PBXGroup;
			children = (
				A6BB51FC6CCE498E490B9F12 /* Pods_Insight.framework */,
			);
			name = Frameworks;
			sourceTree = "<group>";
		};
/* End PBXGroup section */

/* Begin PBXNativeTarget section */
		BDD184BB201F9ABD006EBAB9 /* Insight */ = {
			isa = PBXNativeTarget;
			buildConfigurationList = BDD184CE201F9ABD006EBAB9 /* Build configuration list for PBXNativeTarget "Insight" */;
			buildPhases = (
				E427E62252327947A8255228 /* [CP] Check Pods Manifest.lock */,
				BDD184B8201F9ABD006EBAB9 /* Sources */,
				BDD184B9201F9ABD006EBAB9 /* Frameworks */,
				BDD184BA201F9ABD006EBAB9 /* Resources */,
				8E301A690CCBD4F88CB39098 /* [CP] Embed Pods Frameworks */,
				D0E769763D7E033DCE9C0597 /* [CP] Copy Pods Resources */,
			);
			buildRules = (
			);
			dependencies = (
			);
			name = Insight;
			productName = Insight;
			productReference = BDD184BC201F9ABD006EBAB9 /* Insight.app */;
			productType = "com.apple.product-type.application";
		};
/* End PBXNativeTarget section */

/* Begin PBXProject section */
		BDD184B4201F9ABD006EBAB9 /* Project object */ = {
			isa = PBXProject;
			attributes = {
				LastSwiftUpdateCheck = 0900;
				LastUpgradeCheck = 0900;
				ORGANIZATIONNAME = ClueApps;
				TargetAttributes = {
					BDD184BB201F9ABD006EBAB9 = {
						CreatedOnToolsVersion = 9.0;
						ProvisioningStyle = Automatic;
					};
				};
			};
			buildConfigurationList = BDD184B7201F9ABD006EBAB9 /* Build configuration list for PBXProject "Insight" */;
			compatibilityVersion = "Xcode 8.0";
			developmentRegion = en;
			hasScannedForEncodings = 0;
			knownRegions = (
				en,
				Base,
			);
			mainGroup = BDD184B3201F9ABD006EBAB9;
			productRefGroup = BDD184BD201F9ABD006EBAB9 /* Products */;
			projectDirPath = "";
			projectRoot = "";
			targets = (
				BDD184BB201F9ABD006EBAB9 /* Insight */,
			);
		};
/* End PBXProject section */

/* Begin PBXResourcesBuildPhase section */
		BDD184BA201F9ABD006EBAB9 /* Resources */ = {
			isa = PBXResourcesBuildPhase;
			buildActionMask = 2147483647;
			files = (
				BDD184E0201FA0CE006EBAB9 /* Authentication.storyboard in Resources */,
				BD1B1EC220212F560000D813 /* Home.storyboard in Resources */,
				BDD184D8201F9BAE006EBAB9 /* Land.storyboard in Resources */,
				BD1B1EDB2021389F0000D813 /* SideMenuViewController.storyboard in Resources */,
				BD27EEE0201FF353007872E0 /* LaunchScreen.storyboard in Resources */,
				BDD184C7201F9ABD006EBAB9 /* Assets.xcassets in Resources */,
			);
			runOnlyForDeploymentPostprocessing = 0;
		};
/* End PBXResourcesBuildPhase section */

/* Begin PBXShellScriptBuildPhase section */
		8E301A690CCBD4F88CB39098 /* [CP] Embed Pods Frameworks */ = {
			isa = PBXShellScriptBuildPhase;
			buildActionMask = 2147483647;
			files = (
			);
			inputPaths = (
				"${SRCROOT}/Pods/Target Support Files/Pods-Insight/Pods-Insight-frameworks.sh",
				"${BUILT_PRODUCTS_DIR}/Alamofire/Alamofire.framework",
				"${BUILT_PRODUCTS_DIR}/SpinKit/SpinKit.framework",
			);
			name = "[CP] Embed Pods Frameworks";
			outputPaths = (
				"${TARGET_BUILD_DIR}/${FRAMEWORKS_FOLDER_PATH}/Alamofire.framework",
				"${TARGET_BUILD_DIR}/${FRAMEWORKS_FOLDER_PATH}/SpinKit.framework",
			);
			runOnlyForDeploymentPostprocessing = 0;
			shellPath = /bin/sh;
			shellScript = "\"${SRCROOT}/Pods/Target Support Files/Pods-Insight/Pods-Insight-frameworks.sh\"\n";
			showEnvVarsInLog = 0;
		};
		D0E769763D7E033DCE9C0597 /* [CP] Copy Pods Resources */ = {
			isa = PBXShellScriptBuildPhase;
			buildActionMask = 2147483647;
			files = (
			);
			inputPaths = (
			);
			name = "[CP] Copy Pods Resources";
			outputPaths = (
			);
			runOnlyForDeploymentPostprocessing = 0;
			shellPath = /bin/sh;
			shellScript = "\"${SRCROOT}/Pods/Target Support Files/Pods-Insight/Pods-Insight-resources.sh\"\n";
			showEnvVarsInLog = 0;
		};
		E427E62252327947A8255228 /* [CP] Check Pods Manifest.lock */ = {
			isa = PBXShellScriptBuildPhase;
			buildActionMask = 2147483647;
			files = (
			);
			inputPaths = (
				"${PODS_PODFILE_DIR_PATH}/Podfile.lock",
				"${PODS_ROOT}/Manifest.lock",
			);
			name = "[CP] Check Pods Manifest.lock";
			outputPaths = (
				"$(DERIVED_FILE_DIR)/Pods-Insight-checkManifestLockResult.txt",
			);
			runOnlyForDeploymentPostprocessing = 0;
			shellPath = /bin/sh;
			shellScript = "diff \"${PODS_PODFILE_DIR_PATH}/Podfile.lock\" \"${PODS_ROOT}/Manifest.lock\" > /dev/null\nif [ $? != 0 ] ; then\n    # print error to STDERR\n    echo \"error: The sandbox is not in sync with the Podfile.lock. Run 'pod install' or update your CocoaPods installation.\" >&2\n    exit 1\nfi\n# This output is used by Xcode 'outputs' to avoid re-running this script phase.\necho \"SUCCESS\" > \"${SCRIPT_OUTPUT_FILE_0}\"\n";
			showEnvVarsInLog = 0;
		};
/* End PBXShellScriptBuildPhase section */

/* Begin PBXSourcesBuildPhase section */
		BDD184B8201F9ABD006EBAB9 /* Sources */ = {
			isa = PBXSourcesBuildPhase;
			buildActionMask = 2147483647;
			files = (
				BD1B1ED42021349D0000D813 /* SideMenuPresentationInteractionController.swift in Sources */,
				BD1B1EBB2020F7CE0000D813 /* User.swift in Sources */,
				BD96771D202346950078B0A3 /* SubSubCategoryTableViewCell.swift in Sources */,
				BD9A4B63202775D200DCCAE6 /* QuestionListeningTableViewCell.swift in Sources */,
				BD27EEDE201FF02D007872E0 /* SignInViewController.swift in Sources */,
				BD1B1ED22021349D0000D813 /* SideMenuDismissalInteractionController.swift in Sources */,
				BD1B1EB12020F61C0000D813 /* Extensions.swift in Sources */,
				BD39AD432027449A00DC03B3 /* QuestionCompleteTableViewCell.swift in Sources */,
				BD628E892028A6160007BEE4 /* QuestionMatchViewController.swift in Sources */,
				BD47F1D02023762900ABEBF5 /* SubSubCategoryViewController.swift in Sources */,
				BD39AD412027447F00DC03B3 /* QuestionCompleteViewController.swift in Sources */,
				BD1B1EBA2020F7CE0000D813 /* AuthRootClass.swift in Sources */,
				BD1478B8202330E00090A481 /* QuestionData.swift in Sources */,
				BD1B1EBF202113A60000D813 /* ForgetPasswordViewController.swift in Sources */,
				BD1B1EAF2020F6120000D813 /* ActivityLoaderHelper.swift in Sources */,
				BD1B1EBD2020FC280000D813 /* UserModel.swift in Sources */,
				BD9A4B5E2027682100DCCAE6 /* QuestionDictationViewController.swift in Sources */,
				BD3DA3FD202AF66A00CCB7B0 /* MiniDialogViewController.swift in Sources */,
				BD9A4B61202775B800DCCAE6 /* QuestionListeningViewController.swift in Sources */,
				BDB6248F2028CA220007B261 /* QuestionMcqViewController.swift in Sources */,
				BD1B1ED02021349D0000D813 /* InteractionControlller.swift in Sources */,
				BD1478BC202330E00090A481 /* InsightContentRootClass.swift in Sources */,
				BD9A4B5B202767F200DCCAE6 /* QuestionDictationTableViewCell.swift in Sources */,
				BDB624932028CB0E0007B261 /* McqChoiceTableViewCell.swift in Sources */,
				BDD184DB201F9BE2006EBAB9 /* LandViewController.swift in Sources */,
				BD1FF8462023EBC900FC74C2 /* QuestionsContainerViewController.swift in Sources */,
				BDB6248C2028C2C20007B261 /* Choice.swift in Sources */,
				BD1FF8412023CB4E00FC74C2 /* SubClass.swift in Sources */,
				BD1B1EDA202135720000D813 /* HomeViewController.swift in Sources */,
				BD1478BB202330E00090A481 /* SubSubCategory.swift in Sources */,
				BD1B1EB52020F6F80000D813 /* GeneralMethods.swift in Sources */,
				BD1B1ED62021349D0000D813 /* Storyboard.swift in Sources */,
				BDD184E2201FA0E1006EBAB9 /* AuthenticationViewController.swift in Sources */,
				BD1FF8442023CFBA00FC74C2 /* AntonymQViewController.swift in Sources */,
				BD1B1ED32021349D0000D813 /* SideMenuManager.swift in Sources */,
				BD1B1ED72021349D0000D813 /* StoryboardLoadable.swift in Sources */,
				BD628E8B2028A62B0007BEE4 /* QuestionMatchTableViewCell.swift in Sources */,
				BD96771F2023478B0078B0A3 /* SubCategoryViewController.swift in Sources */,
				BDD184C0201F9ABD006EBAB9 /* AppDelegate.swift in Sources */,
				BDB624912028CA410007B261 /* QuestionMcqTableViewCell.swift in Sources */,
				BD1478BA202330E00090A481 /* SubCategory.swift in Sources */,
				BD3DA401202B009500CCB7B0 /* Mistake.swift in Sources */,
				BD39AD4520275A7000DC03B3 /* QuestionAntonymTableViewCell.swift in Sources */,
				BD1B1EAD2020F6090000D813 /* AppConstants.swift in Sources */,
				BD1B1EAB2020F5EF0000D813 /* ServerManager.swift in Sources */,
				BD3DA3FF202AFBEE00CCB7B0 /* MiniDialogTableViewCell.swift in Sources */,
				BD1478B9202330E00090A481 /* Question.swift in Sources */,
				BD1B1ECF202134930000D813 /* SideMenuViewController.swift in Sources */,
				BD1B1ED52021349D0000D813 /* SideMenuTableViewCell.swift in Sources */,
				BD1B1EA92020F17E0000D813 /* SignUpViewController.swift in Sources */,
				BD96772120234A5C0078B0A3 /* SubCategoryTableViewCell.swift in Sources */,
				BD1B1ED12021349D0000D813 /* SideMenuAnimationController.swift in Sources */,
				BD47F1CE202353E900ABEBF5 /* Enumerations.swift in Sources */,
			);
			runOnlyForDeploymentPostprocessing = 0;
		};
/* End PBXSourcesBuildPhase section */

/* Begin XCBuildConfiguration section */
		BDD184CC201F9ABD006EBAB9 /* Debug */ = {
			isa = XCBuildConfiguration;
			buildSettings = {
				ALWAYS_SEARCH_USER_PATHS = NO;
				CLANG_ANALYZER_NONNULL = YES;
				CLANG_ANALYZER_NUMBER_OBJECT_CONVERSION = YES_AGGRESSIVE;
				CLANG_CXX_LANGUAGE_STANDARD = "gnu++14";
				CLANG_CXX_LIBRARY = "libc++";
				CLANG_ENABLE_MODULES = YES;
				CLANG_ENABLE_OBJC_ARC = YES;
				CLANG_WARN_BLOCK_CAPTURE_AUTORELEASING = YES;
				CLANG_WARN_BOOL_CONVERSION = YES;
				CLANG_WARN_COMMA = YES;
				CLANG_WARN_CONSTANT_CONVERSION = YES;
				CLANG_WARN_DIRECT_OBJC_ISA_USAGE = YES_ERROR;
				CLANG_WARN_DOCUMENTATION_COMMENTS = YES;
				CLANG_WARN_EMPTY_BODY = YES;
				CLANG_WARN_ENUM_CONVERSION = YES;
				CLANG_WARN_INFINITE_RECURSION = YES;
				CLANG_WARN_INT_CONVERSION = YES;
				CLANG_WARN_NON_LITERAL_NULL_CONVERSION = YES;
				CLANG_WARN_OBJC_LITERAL_CONVERSION = YES;
				CLANG_WARN_OBJC_ROOT_CLASS = YES_ERROR;
				CLANG_WARN_RANGE_LOOP_ANALYSIS = YES;
				CLANG_WARN_STRICT_PROTOTYPES = YES;
				CLANG_WARN_SUSPICIOUS_MOVE = YES;
				CLANG_WARN_UNGUARDED_AVAILABILITY = YES_AGGRESSIVE;
				CLANG_WARN_UNREACHABLE_CODE = YES;
				CLANG_WARN__DUPLICATE_METHOD_MATCH = YES;
				CODE_SIGN_IDENTITY = "iPhone Developer";
				COPY_PHASE_STRIP = NO;
				DEBUG_INFORMATION_FORMAT = dwarf;
				ENABLE_STRICT_OBJC_MSGSEND = YES;
				ENABLE_TESTABILITY = YES;
				GCC_C_LANGUAGE_STANDARD = gnu11;
				GCC_DYNAMIC_NO_PIC = NO;
				GCC_NO_COMMON_BLOCKS = YES;
				GCC_OPTIMIZATION_LEVEL = 0;
				GCC_PREPROCESSOR_DEFINITIONS = (
					"DEBUG=1",
					"$(inherited)",
				);
				GCC_WARN_64_TO_32_BIT_CONVERSION = YES;
				GCC_WARN_ABOUT_RETURN_TYPE = YES_ERROR;
				GCC_WARN_UNDECLARED_SELECTOR = YES;
				GCC_WARN_UNINITIALIZED_AUTOS = YES_AGGRESSIVE;
				GCC_WARN_UNUSED_FUNCTION = YES;
				GCC_WARN_UNUSED_VARIABLE = YES;
				IPHONEOS_DEPLOYMENT_TARGET = 11.0;
				MTL_ENABLE_DEBUG_INFO = YES;
				ONLY_ACTIVE_ARCH = YES;
				SDKROOT = iphoneos;
				SWIFT_ACTIVE_COMPILATION_CONDITIONS = DEBUG;
				SWIFT_OPTIMIZATION_LEVEL = "-Onone";
			};
			name = Debug;
		};
		BDD184CD201F9ABD006EBAB9 /* Release */ = {
			isa = XCBuildConfiguration;
			buildSettings = {
				ALWAYS_SEARCH_USER_PATHS = NO;
				CLANG_ANALYZER_NONNULL = YES;
				CLANG_ANALYZER_NUMBER_OBJECT_CONVERSION = YES_AGGRESSIVE;
				CLANG_CXX_LANGUAGE_STANDARD = "gnu++14";
				CLANG_CXX_LIBRARY = "libc++";
				CLANG_ENABLE_MODULES = YES;
				CLANG_ENABLE_OBJC_ARC = YES;
				CLANG_WARN_BLOCK_CAPTURE_AUTORELEASING = YES;
				CLANG_WARN_BOOL_CONVERSION = YES;
				CLANG_WARN_COMMA = YES;
				CLANG_WARN_CONSTANT_CONVERSION = YES;
				CLANG_WARN_DIRECT_OBJC_ISA_USAGE = YES_ERROR;
				CLANG_WARN_DOCUMENTATION_COMMENTS = YES;
				CLANG_WARN_EMPTY_BODY = YES;
				CLANG_WARN_ENUM_CONVERSION = YES;
				CLANG_WARN_INFINITE_RECURSION = YES;
				CLANG_WARN_INT_CONVERSION = YES;
				CLANG_WARN_NON_LITERAL_NULL_CONVERSION = YES;
				CLANG_WARN_OBJC_LITERAL_CONVERSION = YES;
				CLANG_WARN_OBJC_ROOT_CLASS = YES_ERROR;
				CLANG_WARN_RANGE_LOOP_ANALYSIS = YES;
				CLANG_WARN_STRICT_PROTOTYPES = YES;
				CLANG_WARN_SUSPICIOUS_MOVE = YES;
				CLANG_WARN_UNGUARDED_AVAILABILITY = YES_AGGRESSIVE;
				CLANG_WARN_UNREACHABLE_CODE = YES;
				CLANG_WARN__DUPLICATE_METHOD_MATCH = YES;
				CODE_SIGN_IDENTITY = "iPhone Developer";
				COPY_PHASE_STRIP = NO;
				DEBUG_INFORMATION_FORMAT = "dwarf-with-dsym";
				ENABLE_NS_ASSERTIONS = NO;
				ENABLE_STRICT_OBJC_MSGSEND = YES;
				GCC_C_LANGUAGE_STANDARD = gnu11;
				GCC_NO_COMMON_BLOCKS = YES;
				GCC_WARN_64_TO_32_BIT_CONVERSION = YES;
				GCC_WARN_ABOUT_RETURN_TYPE = YES_ERROR;
				GCC_WARN_UNDECLARED_SELECTOR = YES;
				GCC_WARN_UNINITIALIZED_AUTOS = YES_AGGRESSIVE;
				GCC_WARN_UNUSED_FUNCTION = YES;
				GCC_WARN_UNUSED_VARIABLE = YES;
				IPHONEOS_DEPLOYMENT_TARGET = 11.0;
				MTL_ENABLE_DEBUG_INFO = NO;
				SDKROOT = iphoneos;
				SWIFT_OPTIMIZATION_LEVEL = "-Owholemodule";
				VALIDATE_PRODUCT = YES;
			};
			name = Release;
		};
		BDD184CF201F9ABD006EBAB9 /* Debug */ = {
			isa = XCBuildConfiguration;
			baseConfigurationReference = 018E49D3A5B90AA814EA38F8 /* Pods-Insight.debug.xcconfig */;
			buildSettings = {
				ASSETCATALOG_COMPILER_APPICON_NAME = AppIcon;
				CODE_SIGN_STYLE = Automatic;
				DEVELOPMENT_TEAM = B8L6UA4MUM;
				INFOPLIST_FILE = Insight/Info.plist;
				IPHONEOS_DEPLOYMENT_TARGET = 10.0;
				LD_RUNPATH_SEARCH_PATHS = "$(inherited) @executable_path/Frameworks";
				PRODUCT_BUNDLE_IDENTIFIER = com.Insight;
				PRODUCT_NAME = "$(TARGET_NAME)";
				SWIFT_VERSION = 4.0;
				TARGETED_DEVICE_FAMILY = "1,2";
			};
			name = Debug;
		};
		BDD184D0201F9ABD006EBAB9 /* Release */ = {
			isa = XCBuildConfiguration;
			baseConfigurationReference = 26A23FCDB9BC4A55412DA1D2 /* Pods-Insight.release.xcconfig */;
			buildSettings = {
				ASSETCATALOG_COMPILER_APPICON_NAME = AppIcon;
				CODE_SIGN_STYLE = Automatic;
				DEVELOPMENT_TEAM = B8L6UA4MUM;
				INFOPLIST_FILE = Insight/Info.plist;
				IPHONEOS_DEPLOYMENT_TARGET = 10.0;
				LD_RUNPATH_SEARCH_PATHS = "$(inherited) @executable_path/Frameworks";
				PRODUCT_BUNDLE_IDENTIFIER = com.Insight;
				PRODUCT_NAME = "$(TARGET_NAME)";
				SWIFT_VERSION = 4.0;
				TARGETED_DEVICE_FAMILY = "1,2";
			};
			name = Release;
		};
/* End XCBuildConfiguration section */

/* Begin XCConfigurationList section */
		BDD184B7201F9ABD006EBAB9 /* Build configuration list for PBXProject "Insight" */ = {
			isa = XCConfigurationList;
			buildConfigurations = (
				BDD184CC201F9ABD006EBAB9 /* Debug */,
				BDD184CD201F9ABD006EBAB9 /* Release */,
			);
			defaultConfigurationIsVisible = 0;
			defaultConfigurationName = Release;
		};
		BDD184CE201F9ABD006EBAB9 /* Build configuration list for PBXNativeTarget "Insight" */ = {
			isa = XCConfigurationList;
			buildConfigurations = (
				BDD184CF201F9ABD006EBAB9 /* Debug */,
				BDD184D0201F9ABD006EBAB9 /* Release */,
			);
			defaultConfigurationIsVisible = 0;
			defaultConfigurationName = Release;
		};
/* End XCConfigurationList section */
	};
	rootObject = BDD184B4201F9ABD006EBAB9 /* Project object */;
}
